// !$*UTF8*$!
{
	archiveVersion = 1;
	classes = {
	};
	objectVersion = 52;
	objects = {

/* Begin PBXBuildFile section */
		562C36A9281128A9004C2E21 /* StockMainView.swift in Sources */ = {isa = PBXBuildFile; fileRef = 562C36A8281128A9004C2E21 /* StockMainView.swift */; };
		562C36AC28112E02004C2E21 /* ServiceFactory.swift in Sources */ = {isa = PBXBuildFile; fileRef = 562C36AB28112E02004C2E21 /* ServiceFactory.swift */; };
		562C36B128112EEE004C2E21 /* HttpService.swift in Sources */ = {isa = PBXBuildFile; fileRef = 562C36B028112EEE004C2E21 /* HttpService.swift */; };
		562C36B328112F06004C2E21 /* IHttpService.swift in Sources */ = {isa = PBXBuildFile; fileRef = 562C36B228112F06004C2E21 /* IHttpService.swift */; };
		562C36B628113554004C2E21 /* Alamofire in Frameworks */ = {isa = PBXBuildFile; productRef = 562C36B528113554004C2E21 /* Alamofire */; };
		562C36BA28113707004C2E21 /* ApiProfile.swift in Sources */ = {isa = PBXBuildFile; fileRef = 562C36B928113707004C2E21 /* ApiProfile.swift */; };
		562C36BC28113C15004C2E21 /* StockSummaryView.swift in Sources */ = {isa = PBXBuildFile; fileRef = 562C36BB28113C15004C2E21 /* StockSummaryView.swift */; };
		562C36C0281141C8004C2E21 /* ApiGetTypes.swift in Sources */ = {isa = PBXBuildFile; fileRef = 562C36BF281141C8004C2E21 /* ApiGetTypes.swift */; };
		562C36C22811452A004C2E21 /* ApiCallable.swift in Sources */ = {isa = PBXBuildFile; fileRef = 562C36C12811452A004C2E21 /* ApiCallable.swift */; };
		56394288280FACCE00FF7BAC /* MainView.swift in Sources */ = {isa = PBXBuildFile; fileRef = 56394287280FACCD00FF7BAC /* MainView.swift */; };
		5639428A280FAF0400FF7BAC /* SearchView.swift in Sources */ = {isa = PBXBuildFile; fileRef = 56394289280FAF0300FF7BAC /* SearchView.swift */; };
		569018942819E67600C76956 /* StockStatsView.swift in Sources */ = {isa = PBXBuildFile; fileRef = 569018932819E67600C76956 /* StockStatsView.swift */; };
		569018962819E7CB00C76956 /* ApiStats.swift in Sources */ = {isa = PBXBuildFile; fileRef = 569018952819E7CB00C76956 /* ApiStats.swift */; };
		56901899281A074C00C76956 /* DoubleExt.swift in Sources */ = {isa = PBXBuildFile; fileRef = 56901898281A074C00C76956 /* DoubleExt.swift */; };
		5690189B281A077900C76956 /* StringFormatExt.swift in Sources */ = {isa = PBXBuildFile; fileRef = 5690189A281A077900C76956 /* StringFormatExt.swift */; };
		5690189D281A0C0800C76956 /* StockAboutView.swift in Sources */ = {isa = PBXBuildFile; fileRef = 5690189C281A0C0800C76956 /* StockAboutView.swift */; };
		56930CE72810B0870007FC08 /* PortfolioView.swift in Sources */ = {isa = PBXBuildFile; fileRef = 56930CE62810B0870007FC08 /* PortfolioView.swift */; };
		56930CEA2810BB0A0007FC08 /* PortfolioItemView.swift in Sources */ = {isa = PBXBuildFile; fileRef = 56930CE92810BB0A0007FC08 /* PortfolioItemView.swift */; };
		56930CEE2810BB690007FC08 /* PortfolioItem.swift in Sources */ = {isa = PBXBuildFile; fileRef = 56930CED2810BB690007FC08 /* PortfolioItem.swift */; };
		56CD78D62812269800DC050E /* RxSwift in Frameworks */ = {isa = PBXBuildFile; productRef = 56CD78D52812269800DC050E /* RxSwift */; };
		56CD78DA2812272900DC050E /* IServiceFactory.swift in Sources */ = {isa = PBXBuildFile; fileRef = 56CD78D92812272900DC050E /* IServiceFactory.swift */; };
		56F60FF3280F768100D5BDA1 /* slava_stock_watchApp.swift in Sources */ = {isa = PBXBuildFile; fileRef = 56F60FF2280F768100D5BDA1 /* slava_stock_watchApp.swift */; };
		56F60FF5280F768100D5BDA1 /* ContentView.swift in Sources */ = {isa = PBXBuildFile; fileRef = 56F60FF4280F768100D5BDA1 /* ContentView.swift */; };
		56F60FF7280F768600D5BDA1 /* Assets.xcassets in Resources */ = {isa = PBXBuildFile; fileRef = 56F60FF6280F768600D5BDA1 /* Assets.xcassets */; };
		56F60FFA280F768600D5BDA1 /* Preview Assets.xcassets in Resources */ = {isa = PBXBuildFile; fileRef = 56F60FF9280F768600D5BDA1 /* Preview Assets.xcassets */; };
		56F61005280F768600D5BDA1 /* slava_stock_watchTests.swift in Sources */ = {isa = PBXBuildFile; fileRef = 56F61004280F768600D5BDA1 /* slava_stock_watchTests.swift */; };
		56F61010280F768600D5BDA1 /* slava_stock_watchUITests.swift in Sources */ = {isa = PBXBuildFile; fileRef = 56F6100F280F768600D5BDA1 /* slava_stock_watchUITests.swift */; };
/* End PBXBuildFile section */

/* Begin PBXContainerItemProxy section */
		56F61001280F768600D5BDA1 /* PBXContainerItemProxy */ = {
			isa = PBXContainerItemProxy;
			containerPortal = 56F60FE7280F768100D5BDA1 /* Project object */;
			proxyType = 1;
			remoteGlobalIDString = 56F60FEE280F768100D5BDA1;
			remoteInfo = "slava-stock-watch";
		};
		56F6100C280F768600D5BDA1 /* PBXContainerItemProxy */ = {
			isa = PBXContainerItemProxy;
			containerPortal = 56F60FE7280F768100D5BDA1 /* Project object */;
			proxyType = 1;
			remoteGlobalIDString = 56F60FEE280F768100D5BDA1;
			remoteInfo = "slava-stock-watch";
		};
/* End PBXContainerItemProxy section */

/* Begin PBXFileReference section */
		562C36A8281128A9004C2E21 /* StockMainView.swift */ = {isa = PBXFileReference; lastKnownFileType = sourcecode.swift; path = StockMainView.swift; sourceTree = "<group>"; };
		562C36AB28112E02004C2E21 /* ServiceFactory.swift */ = {isa = PBXFileReference; lastKnownFileType = sourcecode.swift; path = ServiceFactory.swift; sourceTree = "<group>"; };
		562C36B028112EEE004C2E21 /* HttpService.swift */ = {isa = PBXFileReference; lastKnownFileType = sourcecode.swift; path = HttpService.swift; sourceTree = "<group>"; };
		562C36B228112F06004C2E21 /* IHttpService.swift */ = {isa = PBXFileReference; lastKnownFileType = sourcecode.swift; path = IHttpService.swift; sourceTree = "<group>"; };
		562C36B928113707004C2E21 /* ApiProfile.swift */ = {isa = PBXFileReference; lastKnownFileType = sourcecode.swift; path = ApiProfile.swift; sourceTree = "<group>"; };
		562C36BB28113C15004C2E21 /* StockSummaryView.swift */ = {isa = PBXFileReference; lastKnownFileType = sourcecode.swift; path = StockSummaryView.swift; sourceTree = "<group>"; };
		562C36BF281141C8004C2E21 /* ApiGetTypes.swift */ = {isa = PBXFileReference; lastKnownFileType = sourcecode.swift; path = ApiGetTypes.swift; sourceTree = "<group>"; };
		562C36C12811452A004C2E21 /* ApiCallable.swift */ = {isa = PBXFileReference; lastKnownFileType = sourcecode.swift; path = ApiCallable.swift; sourceTree = "<group>"; };
		56394287280FACCD00FF7BAC /* MainView.swift */ = {isa = PBXFileReference; lastKnownFileType = sourcecode.swift; path = MainView.swift; sourceTree = "<group>"; };
		56394289280FAF0300FF7BAC /* SearchView.swift */ = {isa = PBXFileReference; lastKnownFileType = sourcecode.swift; path = SearchView.swift; sourceTree = "<group>"; };
		569018932819E67600C76956 /* StockStatsView.swift */ = {isa = PBXFileReference; lastKnownFileType = sourcecode.swift; path = StockStatsView.swift; sourceTree = "<group>"; };
		569018952819E7CB00C76956 /* ApiStats.swift */ = {isa = PBXFileReference; lastKnownFileType = sourcecode.swift; path = ApiStats.swift; sourceTree = "<group>"; };
		56901898281A074C00C76956 /* DoubleExt.swift */ = {isa = PBXFileReference; lastKnownFileType = sourcecode.swift; path = DoubleExt.swift; sourceTree = "<group>"; };
		5690189A281A077900C76956 /* StringFormatExt.swift */ = {isa = PBXFileReference; lastKnownFileType = sourcecode.swift; path = StringFormatExt.swift; sourceTree = "<group>"; };
		5690189C281A0C0800C76956 /* StockAboutView.swift */ = {isa = PBXFileReference; lastKnownFileType = sourcecode.swift; path = StockAboutView.swift; sourceTree = "<group>"; };
		56930CE62810B0870007FC08 /* PortfolioView.swift */ = {isa = PBXFileReference; lastKnownFileType = sourcecode.swift; path = PortfolioView.swift; sourceTree = "<group>"; };
		56930CE92810BB0A0007FC08 /* PortfolioItemView.swift */ = {isa = PBXFileReference; lastKnownFileType = sourcecode.swift; path = PortfolioItemView.swift; sourceTree = "<group>"; };
		56930CED2810BB690007FC08 /* PortfolioItem.swift */ = {isa = PBXFileReference; lastKnownFileType = sourcecode.swift; path = PortfolioItem.swift; sourceTree = "<group>"; };
		56CD78D92812272900DC050E /* IServiceFactory.swift */ = {isa = PBXFileReference; lastKnownFileType = sourcecode.swift; path = IServiceFactory.swift; sourceTree = "<group>"; };
		56F60FEF280F768100D5BDA1 /* slava-stock-watch.app */ = {isa = PBXFileReference; explicitFileType = wrapper.application; includeInIndex = 0; path = "slava-stock-watch.app"; sourceTree = BUILT_PRODUCTS_DIR; };
		56F60FF2280F768100D5BDA1 /* slava_stock_watchApp.swift */ = {isa = PBXFileReference; lastKnownFileType = sourcecode.swift; path = slava_stock_watchApp.swift; sourceTree = "<group>"; };
		56F60FF4280F768100D5BDA1 /* ContentView.swift */ = {isa = PBXFileReference; lastKnownFileType = sourcecode.swift; path = ContentView.swift; sourceTree = "<group>"; };
		56F60FF6280F768600D5BDA1 /* Assets.xcassets */ = {isa = PBXFileReference; lastKnownFileType = folder.assetcatalog; path = Assets.xcassets; sourceTree = "<group>"; };
		56F60FF9280F768600D5BDA1 /* Preview Assets.xcassets */ = {isa = PBXFileReference; lastKnownFileType = folder.assetcatalog; path = "Preview Assets.xcassets"; sourceTree = "<group>"; };
		56F60FFB280F768600D5BDA1 /* Info.plist */ = {isa = PBXFileReference; lastKnownFileType = text.plist.xml; path = Info.plist; sourceTree = "<group>"; };
		56F61000280F768600D5BDA1 /* slava-stock-watchTests.xctest */ = {isa = PBXFileReference; explicitFileType = wrapper.cfbundle; includeInIndex = 0; path = "slava-stock-watchTests.xctest"; sourceTree = BUILT_PRODUCTS_DIR; };
		56F61004280F768600D5BDA1 /* slava_stock_watchTests.swift */ = {isa = PBXFileReference; lastKnownFileType = sourcecode.swift; path = slava_stock_watchTests.swift; sourceTree = "<group>"; };
		56F61006280F768600D5BDA1 /* Info.plist */ = {isa = PBXFileReference; lastKnownFileType = text.plist.xml; path = Info.plist; sourceTree = "<group>"; };
		56F6100B280F768600D5BDA1 /* slava-stock-watchUITests.xctest */ = {isa = PBXFileReference; explicitFileType = wrapper.cfbundle; includeInIndex = 0; path = "slava-stock-watchUITests.xctest"; sourceTree = BUILT_PRODUCTS_DIR; };
		56F6100F280F768600D5BDA1 /* slava_stock_watchUITests.swift */ = {isa = PBXFileReference; lastKnownFileType = sourcecode.swift; path = slava_stock_watchUITests.swift; sourceTree = "<group>"; };
		56F61011280F768600D5BDA1 /* Info.plist */ = {isa = PBXFileReference; lastKnownFileType = text.plist.xml; path = Info.plist; sourceTree = "<group>"; };
/* End PBXFileReference section */

/* Begin PBXFrameworksBuildPhase section */
		56F60FEC280F768100D5BDA1 /* Frameworks */ = {
			isa = PBXFrameworksBuildPhase;
			buildActionMask = 2147483647;
			files = (
				56CD78D62812269800DC050E /* RxSwift in Frameworks */,
				562C36B628113554004C2E21 /* Alamofire in Frameworks */,
			);
			runOnlyForDeploymentPostprocessing = 0;
		};
		56F60FFD280F768600D5BDA1 /* Frameworks */ = {
			isa = PBXFrameworksBuildPhase;
			buildActionMask = 2147483647;
			files = (
			);
			runOnlyForDeploymentPostprocessing = 0;
		};
		56F61008280F768600D5BDA1 /* Frameworks */ = {
			isa = PBXFrameworksBuildPhase;
			buildActionMask = 2147483647;
			files = (
			);
			runOnlyForDeploymentPostprocessing = 0;
		};
/* End PBXFrameworksBuildPhase section */

/* Begin PBXGroup section */
		562C36A728112875004C2E21 /* StockInfo */ = {
			isa = PBXGroup;
			children = (
				562C36A8281128A9004C2E21 /* StockMainView.swift */,
				562C36BB28113C15004C2E21 /* StockSummaryView.swift */,
				569018932819E67600C76956 /* StockStatsView.swift */,
				5690189C281A0C0800C76956 /* StockAboutView.swift */,
			);
			path = StockInfo;
			sourceTree = "<group>";
		};
		562C36AA28112DB5004C2E21 /* Services */ = {
			isa = PBXGroup;
			children = (
				562C36AD28112E4A004C2E21 /* Protocols */,
				562C36AB28112E02004C2E21 /* ServiceFactory.swift */,
				562C36B028112EEE004C2E21 /* HttpService.swift */,
			);
			path = Services;
			sourceTree = "<group>";
		};
		562C36AD28112E4A004C2E21 /* Protocols */ = {
			isa = PBXGroup;
			children = (
				562C36B228112F06004C2E21 /* IHttpService.swift */,
				56CD78D92812272900DC050E /* IServiceFactory.swift */,
			);
			path = Protocols;
			sourceTree = "<group>";
		};
		562C36B8281136E8004C2E21 /* HttpResposes */ = {
			isa = PBXGroup;
			children = (
				562C36B928113707004C2E21 /* ApiProfile.swift */,
				562C36BF281141C8004C2E21 /* ApiGetTypes.swift */,
				562C36C12811452A004C2E21 /* ApiCallable.swift */,
				569018952819E7CB00C76956 /* ApiStats.swift */,
			);
			path = HttpResposes;
			sourceTree = "<group>";
		};
		56394285280FACA800FF7BAC /* Views */ = {
			isa = PBXGroup;
			children = (
				562C36A728112875004C2E21 /* StockInfo */,
				56930CE82810BAE20007FC08 /* Main */,
			);
			path = Views;
			sourceTree = "<group>";
		};
		56394286280FACB100FF7BAC /* ViewModels */ = {
			isa = PBXGroup;
			children = (
			);
			path = ViewModels;
			sourceTree = "<group>";
		};
		56901897281A073D00C76956 /* Extensions */ = {
			isa = PBXGroup;
			children = (
				56901898281A074C00C76956 /* DoubleExt.swift */,
				5690189A281A077900C76956 /* StringFormatExt.swift */,
			);
			path = Extensions;
			sourceTree = "<group>";
		};
		56930CE82810BAE20007FC08 /* Main */ = {
			isa = PBXGroup;
			children = (
				56394289280FAF0300FF7BAC /* SearchView.swift */,
				56394287280FACCD00FF7BAC /* MainView.swift */,
				56930CE62810B0870007FC08 /* PortfolioView.swift */,
				56930CE92810BB0A0007FC08 /* PortfolioItemView.swift */,
			);
			path = Main;
			sourceTree = "<group>";
		};
		56930CEB2810BB410007FC08 /* Models */ = {
			isa = PBXGroup;
			children = (
				562C36B8281136E8004C2E21 /* HttpResposes */,
				56930CEC2810BB460007FC08 /* DataContainers */,
			);
			path = Models;
			sourceTree = "<group>";
		};
		56930CEC2810BB460007FC08 /* DataContainers */ = {
			isa = PBXGroup;
			children = (
				56930CED2810BB690007FC08 /* PortfolioItem.swift */,
			);
			path = DataContainers;
			sourceTree = "<group>";
		};
		56F60FE6280F768100D5BDA1 = {
			isa = PBXGroup;
			children = (
				56F60FF1280F768100D5BDA1 /* slava-stock-watch */,
				56F61003280F768600D5BDA1 /* slava-stock-watchTests */,
				56F6100E280F768600D5BDA1 /* slava-stock-watchUITests */,
				56F60FF0280F768100D5BDA1 /* Products */,
			);
			sourceTree = "<group>";
		};
		56F60FF0280F768100D5BDA1 /* Products */ = {
			isa = PBXGroup;
			children = (
				56F60FEF280F768100D5BDA1 /* slava-stock-watch.app */,
				56F61000280F768600D5BDA1 /* slava-stock-watchTests.xctest */,
				56F6100B280F768600D5BDA1 /* slava-stock-watchUITests.xctest */,
			);
			name = Products;
			sourceTree = "<group>";
		};
		56F60FF1280F768100D5BDA1 /* slava-stock-watch */ = {
			isa = PBXGroup;
			children = (
				56901897281A073D00C76956 /* Extensions */,
				562C36AA28112DB5004C2E21 /* Services */,
				56930CEB2810BB410007FC08 /* Models */,
				56394286280FACB100FF7BAC /* ViewModels */,
				56394285280FACA800FF7BAC /* Views */,
				56F60FF2280F768100D5BDA1 /* slava_stock_watchApp.swift */,
				56F60FF4280F768100D5BDA1 /* ContentView.swift */,
				56F60FF6280F768600D5BDA1 /* Assets.xcassets */,
				56F60FFB280F768600D5BDA1 /* Info.plist */,
				56F60FF8280F768600D5BDA1 /* Preview Content */,
			);
			path = "slava-stock-watch";
			sourceTree = "<group>";
		};
		56F60FF8280F768600D5BDA1 /* Preview Content */ = {
			isa = PBXGroup;
			children = (
				56F60FF9280F768600D5BDA1 /* Preview Assets.xcassets */,
			);
			path = "Preview Content";
			sourceTree = "<group>";
		};
		56F61003280F768600D5BDA1 /* slava-stock-watchTests */ = {
			isa = PBXGroup;
			children = (
				56F61004280F768600D5BDA1 /* slava_stock_watchTests.swift */,
				56F61006280F768600D5BDA1 /* Info.plist */,
			);
			path = "slava-stock-watchTests";
			sourceTree = "<group>";
		};
		56F6100E280F768600D5BDA1 /* slava-stock-watchUITests */ = {
			isa = PBXGroup;
			children = (
				56F6100F280F768600D5BDA1 /* slava_stock_watchUITests.swift */,
				56F61011280F768600D5BDA1 /* Info.plist */,
			);
			path = "slava-stock-watchUITests";
			sourceTree = "<group>";
		};
/* End PBXGroup section */

/* Begin PBXNativeTarget section */
		56F60FEE280F768100D5BDA1 /* slava-stock-watch */ = {
			isa = PBXNativeTarget;
			buildConfigurationList = 56F61014280F768600D5BDA1 /* Build configuration list for PBXNativeTarget "slava-stock-watch" */;
			buildPhases = (
				56F60FEB280F768100D5BDA1 /* Sources */,
				56F60FEC280F768100D5BDA1 /* Frameworks */,
				56F60FED280F768100D5BDA1 /* Resources */,
			);
			buildRules = (
			);
			dependencies = (
			);
			name = "slava-stock-watch";
			packageProductDependencies = (
				562C36B528113554004C2E21 /* Alamofire */,
				56CD78D52812269800DC050E /* RxSwift */,
			);
			productName = "slava-stock-watch";
			productReference = 56F60FEF280F768100D5BDA1 /* slava-stock-watch.app */;
			productType = "com.apple.product-type.application";
		};
		56F60FFF280F768600D5BDA1 /* slava-stock-watchTests */ = {
			isa = PBXNativeTarget;
			buildConfigurationList = 56F61017280F768600D5BDA1 /* Build configuration list for PBXNativeTarget "slava-stock-watchTests" */;
			buildPhases = (
				56F60FFC280F768600D5BDA1 /* Sources */,
				56F60FFD280F768600D5BDA1 /* Frameworks */,
				56F60FFE280F768600D5BDA1 /* Resources */,
			);
			buildRules = (
			);
			dependencies = (
				56F61002280F768600D5BDA1 /* PBXTargetDependency */,
			);
			name = "slava-stock-watchTests";
			productName = "slava-stock-watchTests";
			productReference = 56F61000280F768600D5BDA1 /* slava-stock-watchTests.xctest */;
			productType = "com.apple.product-type.bundle.unit-test";
		};
		56F6100A280F768600D5BDA1 /* slava-stock-watchUITests */ = {
			isa = PBXNativeTarget;
			buildConfigurationList = 56F6101A280F768600D5BDA1 /* Build configuration list for PBXNativeTarget "slava-stock-watchUITests" */;
			buildPhases = (
				56F61007280F768600D5BDA1 /* Sources */,
				56F61008280F768600D5BDA1 /* Frameworks */,
				56F61009280F768600D5BDA1 /* Resources */,
			);
			buildRules = (
			);
			dependencies = (
				56F6100D280F768600D5BDA1 /* PBXTargetDependency */,
			);
			name = "slava-stock-watchUITests";
			productName = "slava-stock-watchUITests";
			productReference = 56F6100B280F768600D5BDA1 /* slava-stock-watchUITests.xctest */;
			productType = "com.apple.product-type.bundle.ui-testing";
		};
/* End PBXNativeTarget section */

/* Begin PBXProject section */
		56F60FE7280F768100D5BDA1 /* Project object */ = {
			isa = PBXProject;
			attributes = {
				LastSwiftUpdateCheck = 1250;
				LastUpgradeCheck = 1250;
				TargetAttributes = {
					56F60FEE280F768100D5BDA1 = {
						CreatedOnToolsVersion = 12.5.1;
					};
					56F60FFF280F768600D5BDA1 = {
						CreatedOnToolsVersion = 12.5.1;
						TestTargetID = 56F60FEE280F768100D5BDA1;
					};
					56F6100A280F768600D5BDA1 = {
						CreatedOnToolsVersion = 12.5.1;
						TestTargetID = 56F60FEE280F768100D5BDA1;
					};
				};
			};
			buildConfigurationList = 56F60FEA280F768100D5BDA1 /* Build configuration list for PBXProject "slava-stock-watch" */;
			compatibilityVersion = "Xcode 9.3";
			developmentRegion = en;
			hasScannedForEncodings = 0;
			knownRegions = (
				en,
				Base,
			);
			mainGroup = 56F60FE6280F768100D5BDA1;
			packageReferences = (
				562C36B428113554004C2E21 /* XCRemoteSwiftPackageReference "Alamofire" */,
				56CD78D42812269800DC050E /* XCRemoteSwiftPackageReference "RxSwift" */,
			);
			productRefGroup = 56F60FF0280F768100D5BDA1 /* Products */;
			projectDirPath = "";
			projectRoot = "";
			targets = (
				56F60FEE280F768100D5BDA1 /* slava-stock-watch */,
				56F60FFF280F768600D5BDA1 /* slava-stock-watchTests */,
				56F6100A280F768600D5BDA1 /* slava-stock-watchUITests */,
			);
		};
/* End PBXProject section */

/* Begin PBXResourcesBuildPhase section */
		56F60FED280F768100D5BDA1 /* Resources */ = {
			isa = PBXResourcesBuildPhase;
			buildActionMask = 2147483647;
			files = (
				56F60FFA280F768600D5BDA1 /* Preview Assets.xcassets in Resources */,
				56F60FF7280F768600D5BDA1 /* Assets.xcassets in Resources */,
			);
			runOnlyForDeploymentPostprocessing = 0;
		};
		56F60FFE280F768600D5BDA1 /* Resources */ = {
			isa = PBXResourcesBuildPhase;
			buildActionMask = 2147483647;
			files = (
			);
			runOnlyForDeploymentPostprocessing = 0;
		};
		56F61009280F768600D5BDA1 /* Resources */ = {
			isa = PBXResourcesBuildPhase;
			buildActionMask = 2147483647;
			files = (
			);
			runOnlyForDeploymentPostprocessing = 0;
		};
/* End PBXResourcesBuildPhase section */

/* Begin PBXSourcesBuildPhase section */
		56F60FEB280F768100D5BDA1 /* Sources */ = {
			isa = PBXSourcesBuildPhase;
			buildActionMask = 2147483647;
			files = (
				5639428A280FAF0400FF7BAC /* SearchView.swift in Sources */,
				562C36C0281141C8004C2E21 /* ApiGetTypes.swift in Sources */,
				562C36B128112EEE004C2E21 /* HttpService.swift in Sources */,
				56CD78DA2812272900DC050E /* IServiceFactory.swift in Sources */,
				56930CE72810B0870007FC08 /* PortfolioView.swift in Sources */,
				5690189B281A077900C76956 /* StringFormatExt.swift in Sources */,
				562C36A9281128A9004C2E21 /* StockMainView.swift in Sources */,
				56930CEA2810BB0A0007FC08 /* PortfolioItemView.swift in Sources */,
				562C36C22811452A004C2E21 /* ApiCallable.swift in Sources */,
				569018962819E7CB00C76956 /* ApiStats.swift in Sources */,
				569018942819E67600C76956 /* StockStatsView.swift in Sources */,
				56F60FF5280F768100D5BDA1 /* ContentView.swift in Sources */,
				56901899281A074C00C76956 /* DoubleExt.swift in Sources */,
				56394288280FACCE00FF7BAC /* MainView.swift in Sources */,
				5690189D281A0C0800C76956 /* StockAboutView.swift in Sources */,
				56930CEE2810BB690007FC08 /* PortfolioItem.swift in Sources */,
				562C36BC28113C15004C2E21 /* StockSummaryView.swift in Sources */,
				56F60FF3280F768100D5BDA1 /* slava_stock_watchApp.swift in Sources */,
				562C36AC28112E02004C2E21 /* ServiceFactory.swift in Sources */,
				562C36BA28113707004C2E21 /* ApiProfile.swift in Sources */,
				562C36B328112F06004C2E21 /* IHttpService.swift in Sources */,
			);
			runOnlyForDeploymentPostprocessing = 0;
		};
		56F60FFC280F768600D5BDA1 /* Sources */ = {
			isa = PBXSourcesBuildPhase;
			buildActionMask = 2147483647;
			files = (
				56F61005280F768600D5BDA1 /* slava_stock_watchTests.swift in Sources */,
			);
			runOnlyForDeploymentPostprocessing = 0;
		};
		56F61007280F768600D5BDA1 /* Sources */ = {
			isa = PBXSourcesBuildPhase;
			buildActionMask = 2147483647;
			files = (
				56F61010280F768600D5BDA1 /* slava_stock_watchUITests.swift in Sources */,
			);
			runOnlyForDeploymentPostprocessing = 0;
		};
/* End PBXSourcesBuildPhase section */

/* Begin PBXTargetDependency section */
		56F61002280F768600D5BDA1 /* PBXTargetDependency */ = {
			isa = PBXTargetDependency;
			target = 56F60FEE280F768100D5BDA1 /* slava-stock-watch */;
			targetProxy = 56F61001280F768600D5BDA1 /* PBXContainerItemProxy */;
		};
		56F6100D280F768600D5BDA1 /* PBXTargetDependency */ = {
			isa = PBXTargetDependency;
			target = 56F60FEE280F768100D5BDA1 /* slava-stock-watch */;
			targetProxy = 56F6100C280F768600D5BDA1 /* PBXContainerItemProxy */;
		};
/* End PBXTargetDependency section */

/* Begin XCBuildConfiguration section */
		56F61012280F768600D5BDA1 /* Debug */ = {
			isa = XCBuildConfiguration;
			buildSettings = {
				ALWAYS_SEARCH_USER_PATHS = NO;
				CLANG_ANALYZER_NONNULL = YES;
				CLANG_ANALYZER_NUMBER_OBJECT_CONVERSION = YES_AGGRESSIVE;
				CLANG_CXX_LANGUAGE_STANDARD = "gnu++14";
				CLANG_CXX_LIBRARY = "libc++";
				CLANG_ENABLE_MODULES = YES;
				CLANG_ENABLE_OBJC_ARC = YES;
				CLANG_ENABLE_OBJC_WEAK = YES;
				CLANG_WARN_BLOCK_CAPTURE_AUTORELEASING = YES;
				CLANG_WARN_BOOL_CONVERSION = YES;
				CLANG_WARN_COMMA = YES;
				CLANG_WARN_CONSTANT_CONVERSION = YES;
				CLANG_WARN_DEPRECATED_OBJC_IMPLEMENTATIONS = YES;
				CLANG_WARN_DIRECT_OBJC_ISA_USAGE = YES_ERROR;
				CLANG_WARN_DOCUMENTATION_COMMENTS = YES;
				CLANG_WARN_EMPTY_BODY = YES;
				CLANG_WARN_ENUM_CONVERSION = YES;
				CLANG_WARN_INFINITE_RECURSION = YES;
				CLANG_WARN_INT_CONVERSION = YES;
				CLANG_WARN_NON_LITERAL_NULL_CONVERSION = YES;
				CLANG_WARN_OBJC_IMPLICIT_RETAIN_SELF = YES;
				CLANG_WARN_OBJC_LITERAL_CONVERSION = YES;
				CLANG_WARN_OBJC_ROOT_CLASS = YES_ERROR;
				CLANG_WARN_QUOTED_INCLUDE_IN_FRAMEWORK_HEADER = YES;
				CLANG_WARN_RANGE_LOOP_ANALYSIS = YES;
				CLANG_WARN_STRICT_PROTOTYPES = YES;
				CLANG_WARN_SUSPICIOUS_MOVE = YES;
				CLANG_WARN_UNGUARDED_AVAILABILITY = YES_AGGRESSIVE;
				CLANG_WARN_UNREACHABLE_CODE = YES;
				CLANG_WARN__DUPLICATE_METHOD_MATCH = YES;
				COPY_PHASE_STRIP = NO;
				DEBUG_INFORMATION_FORMAT = dwarf;
				ENABLE_STRICT_OBJC_MSGSEND = YES;
				ENABLE_TESTABILITY = YES;
				GCC_C_LANGUAGE_STANDARD = gnu11;
				GCC_DYNAMIC_NO_PIC = NO;
				GCC_NO_COMMON_BLOCKS = YES;
				GCC_OPTIMIZATION_LEVEL = 0;
				GCC_PREPROCESSOR_DEFINITIONS = (
					"DEBUG=1",
					"$(inherited)",
				);
				GCC_WARN_64_TO_32_BIT_CONVERSION = YES;
				GCC_WARN_ABOUT_RETURN_TYPE = YES_ERROR;
				GCC_WARN_UNDECLARED_SELECTOR = YES;
				GCC_WARN_UNINITIALIZED_AUTOS = YES_AGGRESSIVE;
				GCC_WARN_UNUSED_FUNCTION = YES;
				GCC_WARN_UNUSED_VARIABLE = YES;
				IPHONEOS_DEPLOYMENT_TARGET = 14.5;
				MTL_ENABLE_DEBUG_INFO = INCLUDE_SOURCE;
				MTL_FAST_MATH = YES;
				ONLY_ACTIVE_ARCH = YES;
				SDKROOT = iphoneos;
				SWIFT_ACTIVE_COMPILATION_CONDITIONS = DEBUG;
				SWIFT_OPTIMIZATION_LEVEL = "-Onone";
			};
			name = Debug;
		};
		56F61013280F768600D5BDA1 /* Release */ = {
			isa = XCBuildConfiguration;
			buildSettings = {
				ALWAYS_SEARCH_USER_PATHS = NO;
				CLANG_ANALYZER_NONNULL = YES;
				CLANG_ANALYZER_NUMBER_OBJECT_CONVERSION = YES_AGGRESSIVE;
				CLANG_CXX_LANGUAGE_STANDARD = "gnu++14";
				CLANG_CXX_LIBRARY = "libc++";
				CLANG_ENABLE_MODULES = YES;
				CLANG_ENABLE_OBJC_ARC = YES;
				CLANG_ENABLE_OBJC_WEAK = YES;
				CLANG_WARN_BLOCK_CAPTURE_AUTORELEASING = YES;
				CLANG_WARN_BOOL_CONVERSION = YES;
				CLANG_WARN_COMMA = YES;
				CLANG_WARN_CONSTANT_CONVERSION = YES;
				CLANG_WARN_DEPRECATED_OBJC_IMPLEMENTATIONS = YES;
				CLANG_WARN_DIRECT_OBJC_ISA_USAGE = YES_ERROR;
				CLANG_WARN_DOCUMENTATION_COMMENTS = YES;
				CLANG_WARN_EMPTY_BODY = YES;
				CLANG_WARN_ENUM_CONVERSION = YES;
				CLANG_WARN_INFINITE_RECURSION = YES;
				CLANG_WARN_INT_CONVERSION = YES;
				CLANG_WARN_NON_LITERAL_NULL_CONVERSION = YES;
				CLANG_WARN_OBJC_IMPLICIT_RETAIN_SELF = YES;
				CLANG_WARN_OBJC_LITERAL_CONVERSION = YES;
				CLANG_WARN_OBJC_ROOT_CLASS = YES_ERROR;
				CLANG_WARN_QUOTED_INCLUDE_IN_FRAMEWORK_HEADER = YES;
				CLANG_WARN_RANGE_LOOP_ANALYSIS = YES;
				CLANG_WARN_STRICT_PROTOTYPES = YES;
				CLANG_WARN_SUSPICIOUS_MOVE = YES;
				CLANG_WARN_UNGUARDED_AVAILABILITY = YES_AGGRESSIVE;
				CLANG_WARN_UNREACHABLE_CODE = YES;
				CLANG_WARN__DUPLICATE_METHOD_MATCH = YES;
				COPY_PHASE_STRIP = NO;
				DEBUG_INFORMATION_FORMAT = "dwarf-with-dsym";
				ENABLE_NS_ASSERTIONS = NO;
				ENABLE_STRICT_OBJC_MSGSEND = YES;
				GCC_C_LANGUAGE_STANDARD = gnu11;
				GCC_NO_COMMON_BLOCKS = YES;
				GCC_WARN_64_TO_32_BIT_CONVERSION = YES;
				GCC_WARN_ABOUT_RETURN_TYPE = YES_ERROR;
				GCC_WARN_UNDECLARED_SELECTOR = YES;
				GCC_WARN_UNINITIALIZED_AUTOS = YES_AGGRESSIVE;
				GCC_WARN_UNUSED_FUNCTION = YES;
				GCC_WARN_UNUSED_VARIABLE = YES;
				IPHONEOS_DEPLOYMENT_TARGET = 14.5;
				MTL_ENABLE_DEBUG_INFO = NO;
				MTL_FAST_MATH = YES;
				SDKROOT = iphoneos;
				SWIFT_COMPILATION_MODE = wholemodule;
				SWIFT_OPTIMIZATION_LEVEL = "-O";
				VALIDATE_PRODUCT = YES;
			};
			name = Release;
		};
		56F61015280F768600D5BDA1 /* Debug */ = {
			isa = XCBuildConfiguration;
			buildSettings = {
				ASSETCATALOG_COMPILER_APPICON_NAME = AppIcon;
				ASSETCATALOG_COMPILER_GLOBAL_ACCENT_COLOR_NAME = AccentColor;
				CODE_SIGN_STYLE = Automatic;
				DEVELOPMENT_ASSET_PATHS = "\"slava-stock-watch/Preview Content\"";
				ENABLE_PREVIEWS = YES;
				INFOPLIST_FILE = "slava-stock-watch/Info.plist";
				IPHONEOS_DEPLOYMENT_TARGET = 15.4;
				LD_RUNPATH_SEARCH_PATHS = (
					"$(inherited)",
					"@executable_path/Frameworks",
				);
				PRODUCT_BUNDLE_IDENTIFIER = "Big-Donut.slava-stock-watch";
				PRODUCT_NAME = "$(TARGET_NAME)";
				SWIFT_VERSION = 5.0;
				TARGETED_DEVICE_FAMILY = "1,2";
			};
			name = Debug;
		};
		56F61016280F768600D5BDA1 /* Release */ = {
			isa = XCBuildConfiguration;
			buildSettings = {
				ASSETCATALOG_COMPILER_APPICON_NAME = AppIcon;
				ASSETCATALOG_COMPILER_GLOBAL_ACCENT_COLOR_NAME = AccentColor;
				CODE_SIGN_STYLE = Automatic;
				DEVELOPMENT_ASSET_PATHS = "\"slava-stock-watch/Preview Content\"";
				ENABLE_PREVIEWS = YES;
				INFOPLIST_FILE = "slava-stock-watch/Info.plist";
				IPHONEOS_DEPLOYMENT_TARGET = 15.4;
				LD_RUNPATH_SEARCH_PATHS = (
					"$(inherited)",
					"@executable_path/Frameworks",
				);
				PRODUCT_BUNDLE_IDENTIFIER = "Big-Donut.slava-stock-watch";
				PRODUCT_NAME = "$(TARGET_NAME)";
				SWIFT_VERSION = 5.0;
				TARGETED_DEVICE_FAMILY = "1,2";
			};
			name = Release;
		};
		56F61018280F768600D5BDA1 /* Debug */ = {
			isa = XCBuildConfiguration;
			buildSettings = {
				ALWAYS_EMBED_SWIFT_STANDARD_LIBRARIES = YES;
				BUNDLE_LOADER = "$(TEST_HOST)";
				CODE_SIGN_STYLE = Automatic;
				INFOPLIST_FILE = "slava-stock-watchTests/Info.plist";
				IPHONEOS_DEPLOYMENT_TARGET = 14.0;
				LD_RUNPATH_SEARCH_PATHS = (
					"$(inherited)",
					"@executable_path/Frameworks",
					"@loader_path/Frameworks",
				);
				PRODUCT_BUNDLE_IDENTIFIER = "Big-Donut.slava-stock-watchTests";
				PRODUCT_NAME = "$(TARGET_NAME)";
				SWIFT_VERSION = 5.0;
				TARGETED_DEVICE_FAMILY = "1,2";
				TEST_HOST = "$(BUILT_PRODUCTS_DIR)/slava-stock-watch.app/slava-stock-watch";
			};
			name = Debug;
		};
		56F61019280F768600D5BDA1 /* Release */ = {
			isa = XCBuildConfiguration;
			buildSettings = {
				ALWAYS_EMBED_SWIFT_STANDARD_LIBRARIES = YES;
				BUNDLE_LOADER = "$(TEST_HOST)";
				CODE_SIGN_STYLE = Automatic;
				INFOPLIST_FILE = "slava-stock-watchTests/Info.plist";
				IPHONEOS_DEPLOYMENT_TARGET = 14.0;
				LD_RUNPATH_SEARCH_PATHS = (
					"$(inherited)",
					"@executable_path/Frameworks",
					"@loader_path/Frameworks",
				);
				PRODUCT_BUNDLE_IDENTIFIER = "Big-Donut.slava-stock-watchTests";
				PRODUCT_NAME = "$(TARGET_NAME)";
				SWIFT_VERSION = 5.0;
				TARGETED_DEVICE_FAMILY = "1,2";
				TEST_HOST = "$(BUILT_PRODUCTS_DIR)/slava-stock-watch.app/slava-stock-watch";
			};
			name = Release;
		};
		56F6101B280F768600D5BDA1 /* Debug */ = {
			isa = XCBuildConfiguration;
			buildSettings = {
				ALWAYS_EMBED_SWIFT_STANDARD_LIBRARIES = YES;
				CODE_SIGN_STYLE = Automatic;
				INFOPLIST_FILE = "slava-stock-watchUITests/Info.plist";
				LD_RUNPATH_SEARCH_PATHS = (
					"$(inherited)",
					"@executable_path/Frameworks",
					"@loader_path/Frameworks",
				);
				PRODUCT_BUNDLE_IDENTIFIER = "Big-Donut.slava-stock-watchUITests";
				PRODUCT_NAME = "$(TARGET_NAME)";
				SWIFT_VERSION = 5.0;
				TARGETED_DEVICE_FAMILY = "1,2";
				TEST_TARGET_NAME = "slava-stock-watch";
			};
			name = Debug;
		};
		56F6101C280F768600D5BDA1 /* Release */ = {
			isa = XCBuildConfiguration;
			buildSettings = {
				ALWAYS_EMBED_SWIFT_STANDARD_LIBRARIES = YES;
				CODE_SIGN_STYLE = Automatic;
				INFOPLIST_FILE = "slava-stock-watchUITests/Info.plist";
				LD_RUNPATH_SEARCH_PATHS = (
					"$(inherited)",
					"@executable_path/Frameworks",
					"@loader_path/Frameworks",
				);
				PRODUCT_BUNDLE_IDENTIFIER = "Big-Donut.slava-stock-watchUITests";
				PRODUCT_NAME = "$(TARGET_NAME)";
				SWIFT_VERSION = 5.0;
				TARGETED_DEVICE_FAMILY = "1,2";
				TEST_TARGET_NAME = "slava-stock-watch";
			};
			name = Release;
		};
/* End XCBuildConfiguration section */

/* Begin XCConfigurationList section */
		56F60FEA280F768100D5BDA1 /* Build configuration list for PBXProject "slava-stock-watch" */ = {
			isa = XCConfigurationList;
			buildConfigurations = (
				56F61012280F768600D5BDA1 /* Debug */,
				56F61013280F768600D5BDA1 /* Release */,
			);
			defaultConfigurationIsVisible = 0;
			defaultConfigurationName = Release;
		};
		56F61014280F768600D5BDA1 /* Build configuration list for PBXNativeTarget "slava-stock-watch" */ = {
			isa = XCConfigurationList;
			buildConfigurations = (
				56F61015280F768600D5BDA1 /* Debug */,
				56F61016280F768600D5BDA1 /* Release */,
			);
			defaultConfigurationIsVisible = 0;
			defaultConfigurationName = Release;
		};
		56F61017280F768600D5BDA1 /* Build configuration list for PBXNativeTarget "slava-stock-watchTests" */ = {
			isa = XCConfigurationList;
			buildConfigurations = (
				56F61018280F768600D5BDA1 /* Debug */,
				56F61019280F768600D5BDA1 /* Release */,
			);
			defaultConfigurationIsVisible = 0;
			defaultConfigurationName = Release;
		};
		56F6101A280F768600D5BDA1 /* Build configuration list for PBXNativeTarget "slava-stock-watchUITests" */ = {
			isa = XCConfigurationList;
			buildConfigurations = (
				56F6101B280F768600D5BDA1 /* Debug */,
				56F6101C280F768600D5BDA1 /* Release */,
			);
			defaultConfigurationIsVisible = 0;
			defaultConfigurationName = Release;
		};
/* End XCConfigurationList section */

/* Begin XCRemoteSwiftPackageReference section */
		562C36B428113554004C2E21 /* XCRemoteSwiftPackageReference "Alamofire" */ = {
			isa = XCRemoteSwiftPackageReference;
			repositoryURL = "https://github.com/Alamofire/Alamofire";
			requirement = {
				kind = upToNextMajorVersion;
				minimumVersion = 5.0.0;
			};
		};
		56CD78D42812269800DC050E /* XCRemoteSwiftPackageReference "RxSwift" */ = {
			isa = XCRemoteSwiftPackageReference;
			repositoryURL = "https://github.com/ReactiveX/RxSwift";
			requirement = {
				kind = upToNextMajorVersion;
				minimumVersion = 6.0.0;
			};
		};
/* End XCRemoteSwiftPackageReference section */

/* Begin XCSwiftPackageProductDependency section */
		562C36B528113554004C2E21 /* Alamofire */ = {
			isa = XCSwiftPackageProductDependency;
			package = 562C36B428113554004C2E21 /* XCRemoteSwiftPackageReference "Alamofire" */;
			productName = Alamofire;
		};
		56CD78D52812269800DC050E /* RxSwift */ = {
			isa = XCSwiftPackageProductDependency;
			package = 56CD78D42812269800DC050E /* XCRemoteSwiftPackageReference "RxSwift" */;
			productName = RxSwift;
		};
/* End XCSwiftPackageProductDependency section */
	};
	rootObject = 56F60FE7280F768100D5BDA1 /* Project object */;
}
