// !$*UTF8*$!
{
	archiveVersion = 1;
	classes = {
	};
	objectVersion = 52;
	objects = {

/* Begin PBXBuildFile section */
		560224B6282341A800C136B3 /* HighcharsStockView.swift in Sources */ = {isa = PBXBuildFile; fileRef = 560224B5282341A800C136B3 /* HighcharsStockView.swift */; };
		560224BC28234A5600C136B3 /* index2.html in Resources */ = {isa = PBXBuildFile; fileRef = 560224BB28234A5600C136B3 /* index2.html */; };
		560224C128234B3600C136B3 /* StockInsightsMainView.swift in Sources */ = {isa = PBXBuildFile; fileRef = 560224C028234B3600C136B3 /* StockInsightsMainView.swift */; };
		560224C328234B7A00C136B3 /* StockTrendsView.swift in Sources */ = {isa = PBXBuildFile; fileRef = 560224C228234B7A00C136B3 /* StockTrendsView.swift */; };
		560224C5282358FF00C136B3 /* ApiRecommendations.swift in Sources */ = {isa = PBXBuildFile; fileRef = 560224C4282358FF00C136B3 /* ApiRecommendations.swift */; };
		560224C92823730F00C136B3 /* StockEpsView.swift in Sources */ = {isa = PBXBuildFile; fileRef = 560224C82823730F00C136B3 /* StockEpsView.swift */; };
		560224CB282373BC00C136B3 /* ApiEarnings.swift in Sources */ = {isa = PBXBuildFile; fileRef = 560224CA282373BC00C136B3 /* ApiEarnings.swift */; };
		560224CD28238B7B00C136B3 /* StockGraphView.swift in Sources */ = {isa = PBXBuildFile; fileRef = 560224CC28238B7A00C136B3 /* StockGraphView.swift */; };
		560224CF2823909400C136B3 /* ApiChart.swift in Sources */ = {isa = PBXBuildFile; fileRef = 560224CE2823909400C136B3 /* ApiChart.swift */; };
		560224D12823A0CF00C136B3 /* ApiPeers.swift in Sources */ = {isa = PBXBuildFile; fileRef = 560224D02823A0CF00C136B3 /* ApiPeers.swift */; };
		560224D32823A58400C136B3 /* ApiTrend.swift in Sources */ = {isa = PBXBuildFile; fileRef = 560224D22823A58400C136B3 /* ApiTrend.swift */; };
		562C36A9281128A9004C2E21 /* StockMainView.swift in Sources */ = {isa = PBXBuildFile; fileRef = 562C36A8281128A9004C2E21 /* StockMainView.swift */; };
		562C36AC28112E02004C2E21 /* ServiceContainer.swift in Sources */ = {isa = PBXBuildFile; fileRef = 562C36AB28112E02004C2E21 /* ServiceContainer.swift */; };
		562C36B128112EEE004C2E21 /* HttpService.swift in Sources */ = {isa = PBXBuildFile; fileRef = 562C36B028112EEE004C2E21 /* HttpService.swift */; };
		562C36B328112F06004C2E21 /* IHttpService.swift in Sources */ = {isa = PBXBuildFile; fileRef = 562C36B228112F06004C2E21 /* IHttpService.swift */; };
		562C36B628113554004C2E21 /* Alamofire in Frameworks */ = {isa = PBXBuildFile; productRef = 562C36B528113554004C2E21 /* Alamofire */; };
		562C36BA28113707004C2E21 /* ApiProfile.swift in Sources */ = {isa = PBXBuildFile; fileRef = 562C36B928113707004C2E21 /* ApiProfile.swift */; };
		562C36BC28113C15004C2E21 /* StockSummaryView.swift in Sources */ = {isa = PBXBuildFile; fileRef = 562C36BB28113C15004C2E21 /* StockSummaryView.swift */; };
		562C36C22811452A004C2E21 /* ApiCallable.swift in Sources */ = {isa = PBXBuildFile; fileRef = 562C36C12811452A004C2E21 /* ApiCallable.swift */; };
		56394288280FACCE00FF7BAC /* MainView.swift in Sources */ = {isa = PBXBuildFile; fileRef = 56394287280FACCD00FF7BAC /* MainView.swift */; };
		569018942819E67600C76956 /* StockStatsView.swift in Sources */ = {isa = PBXBuildFile; fileRef = 569018932819E67600C76956 /* StockStatsView.swift */; };
		569018962819E7CB00C76956 /* ApiStats.swift in Sources */ = {isa = PBXBuildFile; fileRef = 569018952819E7CB00C76956 /* ApiStats.swift */; };
		56901899281A074C00C76956 /* DoubleExt.swift in Sources */ = {isa = PBXBuildFile; fileRef = 56901898281A074C00C76956 /* DoubleExt.swift */; };
		5690189B281A077900C76956 /* StringFormatExt.swift in Sources */ = {isa = PBXBuildFile; fileRef = 5690189A281A077900C76956 /* StringFormatExt.swift */; };
		5690189D281A0C0800C76956 /* StockAboutView.swift in Sources */ = {isa = PBXBuildFile; fileRef = 5690189C281A0C0800C76956 /* StockAboutView.swift */; };
		5690189F281A133800C76956 /* ApiProfileDetails.swift in Sources */ = {isa = PBXBuildFile; fileRef = 5690189E281A133800C76956 /* ApiProfileDetails.swift */; };
		569018A3281A2A0400C76956 /* StockInsightsView.swift in Sources */ = {isa = PBXBuildFile; fileRef = 569018A2281A2A0400C76956 /* StockInsightsView.swift */; };
		569018A5281A2AFC00C76956 /* ApiSentiments.swift in Sources */ = {isa = PBXBuildFile; fileRef = 569018A4281A2AFC00C76956 /* ApiSentiments.swift */; };
		569018AB281A683200C76956 /* ApiNews.swift in Sources */ = {isa = PBXBuildFile; fileRef = 569018AA281A683200C76956 /* ApiNews.swift */; };
		569018AD281B269400C76956 /* StockNewsView.swift in Sources */ = {isa = PBXBuildFile; fileRef = 569018AC281B269400C76956 /* StockNewsView.swift */; };
		569018AF281B43CD00C76956 /* StockNewsItemView.swift in Sources */ = {isa = PBXBuildFile; fileRef = 569018AE281B43CC00C76956 /* StockNewsItemView.swift */; };
		569018B1281B5AE800C76956 /* StockNewsPopupView.swift in Sources */ = {isa = PBXBuildFile; fileRef = 569018B0281B5AE800C76956 /* StockNewsPopupView.swift */; };
		569018B4281B61A900C76956 /* DateExt.swift in Sources */ = {isa = PBXBuildFile; fileRef = 569018B3281B61A900C76956 /* DateExt.swift */; };
		569018B6281C657E00C76956 /* StockNewsLeadingItem.swift in Sources */ = {isa = PBXBuildFile; fileRef = 569018B5281C657E00C76956 /* StockNewsLeadingItem.swift */; };
		569018B9281C77A700C76956 /* StockSummaryMainView.swift in Sources */ = {isa = PBXBuildFile; fileRef = 569018B8281C77A700C76956 /* StockSummaryMainView.swift */; };
		569018BB281C78F100C76956 /* StockSummaryPriceView.swift in Sources */ = {isa = PBXBuildFile; fileRef = 569018BA281C78F100C76956 /* StockSummaryPriceView.swift */; };
		569018BE281C80EF00C76956 /* DataModel.xcdatamodeld in Sources */ = {isa = PBXBuildFile; fileRef = 569018BC281C80EF00C76956 /* DataModel.xcdatamodeld */; };
		569018C2281C823C00C76956 /* PortfolioManager.swift in Sources */ = {isa = PBXBuildFile; fileRef = 569018C1281C823C00C76956 /* PortfolioManager.swift */; };
		56930CEE2810BB690007FC08 /* PortfolioItem.swift in Sources */ = {isa = PBXBuildFile; fileRef = 56930CED2810BB690007FC08 /* PortfolioItem.swift */; };
		56A5434A281DCF1B006C8D36 /* CashItem.swift in Sources */ = {isa = PBXBuildFile; fileRef = 56A54349281DCF1B006C8D36 /* CashItem.swift */; };
		56A5434D281DD284006C8D36 /* StockPortfolioView.swift in Sources */ = {isa = PBXBuildFile; fileRef = 56A5434C281DD284006C8D36 /* StockPortfolioView.swift */; };
		56A5434F281DD9D2006C8D36 /* ViewExt.swift in Sources */ = {isa = PBXBuildFile; fileRef = 56A5434E281DD9D2006C8D36 /* ViewExt.swift */; };
		56A5435E281DFA99006C8D36 /* StatsVM.swift in Sources */ = {isa = PBXBuildFile; fileRef = 56A5435D281DFA99006C8D36 /* StatsVM.swift */; };
		56A54360281DFBD7006C8D36 /* StockCommonData.swift in Sources */ = {isa = PBXBuildFile; fileRef = 56A5435F281DFBD7006C8D36 /* StockCommonData.swift */; };
		56A54362281E0D93006C8D36 /* SingleApiVM.swift in Sources */ = {isa = PBXBuildFile; fileRef = 56A54361281E0D93006C8D36 /* SingleApiVM.swift */; };
		56A54364281E14A0006C8D36 /* StockEmptyPortfolioView.swift in Sources */ = {isa = PBXBuildFile; fileRef = 56A54363281E14A0006C8D36 /* StockEmptyPortfolioView.swift */; };
		56A54366281E18BE006C8D36 /* StockExistingPortfolioView.swift in Sources */ = {isa = PBXBuildFile; fileRef = 56A54365281E18BD006C8D36 /* StockExistingPortfolioView.swift */; };
		56A54369281E57BD006C8D36 /* ScreenConstants.swift in Sources */ = {isa = PBXBuildFile; fileRef = 56A54368281E57BC006C8D36 /* ScreenConstants.swift */; };
		56A5436B281E6768006C8D36 /* StockTradeButton.swift in Sources */ = {isa = PBXBuildFile; fileRef = 56A5436A281E6767006C8D36 /* StockTradeButton.swift */; };
		56A5436D281E68FF006C8D36 /* StockTradeView.swift in Sources */ = {isa = PBXBuildFile; fileRef = 56A5436C281E68FF006C8D36 /* StockTradeView.swift */; };
		56A54370281F5EFA006C8D36 /* MockHttpService.swift in Sources */ = {isa = PBXBuildFile; fileRef = 56A5436F281F5EFA006C8D36 /* MockHttpService.swift */; };
		56A54372281F651A006C8D36 /* PortfolioDataService.swift in Sources */ = {isa = PBXBuildFile; fileRef = 56A54371281F6519006C8D36 /* PortfolioDataService.swift */; };
		56A54374281F6D49006C8D36 /* IPortfolioDataService.swift in Sources */ = {isa = PBXBuildFile; fileRef = 56A54373281F6D49006C8D36 /* IPortfolioDataService.swift */; };
		56A54376281F8D66006C8D36 /* ApiSearch.swift in Sources */ = {isa = PBXBuildFile; fileRef = 56A54375281F8D66006C8D36 /* ApiSearch.swift */; };
		56A5437928207131006C8D36 /* AlertToast in Frameworks */ = {isa = PBXBuildFile; productRef = 56A5437828207131006C8D36 /* AlertToast */; };
		56A5437D28207D9E006C8D36 /* StockTradeSuccessView.swift in Sources */ = {isa = PBXBuildFile; fileRef = 56A5437C28207D9E006C8D36 /* StockTradeSuccessView.swift */; };
		56BC21622820C53A00C98866 /* LoadingView.swift in Sources */ = {isa = PBXBuildFile; fileRef = 56BC21612820C53A00C98866 /* LoadingView.swift */; };
		56BC21652820D27900C98866 /* MainPortfolioView.swift in Sources */ = {isa = PBXBuildFile; fileRef = 56BC21642820D27900C98866 /* MainPortfolioView.swift */; };
		56BC21672820D29800C98866 /* MainDateView.swift in Sources */ = {isa = PBXBuildFile; fileRef = 56BC21662820D29800C98866 /* MainDateView.swift */; };
		56BC216A2821BF6100C98866 /* MainSearchView.swift in Sources */ = {isa = PBXBuildFile; fileRef = 56BC21692821BF6100C98866 /* MainSearchView.swift */; };
		56BC216C2821D17300C98866 /* MainPortfolioItemView.swift in Sources */ = {isa = PBXBuildFile; fileRef = 56BC216B2821D17300C98866 /* MainPortfolioItemView.swift */; };
		56BC216F2821FAE400C98866 /* FinhubView.swift in Sources */ = {isa = PBXBuildFile; fileRef = 56BC216E2821FAE400C98866 /* FinhubView.swift */; };
		56BC21722821FDD300C98866 /* IWatchListManager.swift in Sources */ = {isa = PBXBuildFile; fileRef = 56BC21712821FDD300C98866 /* IWatchListManager.swift */; };
		56BC21742821FE5200C98866 /* WatchlistManager.swift in Sources */ = {isa = PBXBuildFile; fileRef = 56BC21732821FE5200C98866 /* WatchlistManager.swift */; };
		56BC21762821FEF600C98866 /* ManagerContainer.swift in Sources */ = {isa = PBXBuildFile; fileRef = 56BC21752821FEF600C98866 /* ManagerContainer.swift */; };
		56BC2178282200D400C98866 /* ManagerBase.swift in Sources */ = {isa = PBXBuildFile; fileRef = 56BC2177282200D400C98866 /* ManagerBase.swift */; };
		56BC217A282203FF00C98866 /* WatchlistService.swift in Sources */ = {isa = PBXBuildFile; fileRef = 56BC2179282203FF00C98866 /* WatchlistService.swift */; };
		56BC217C2822041800C98866 /* IWatchlistService.swift in Sources */ = {isa = PBXBuildFile; fileRef = 56BC217B2822041800C98866 /* IWatchlistService.swift */; };
		56BC217E2822049300C98866 /* WatchlistItem.swift in Sources */ = {isa = PBXBuildFile; fileRef = 56BC217D2822049300C98866 /* WatchlistItem.swift */; };
		56BC21812822472200C98866 /* WatchlistView.swift in Sources */ = {isa = PBXBuildFile; fileRef = 56BC21802822472100C98866 /* WatchlistView.swift */; };
		56BC2183282247D100C98866 /* WatchlistItemView.swift in Sources */ = {isa = PBXBuildFile; fileRef = 56BC2182282247D100C98866 /* WatchlistItemView.swift */; };
		56C6F51F281DBDC600BB15E5 /* IPortfolioService.swift in Sources */ = {isa = PBXBuildFile; fileRef = 56C6F51E281DBDC600BB15E5 /* IPortfolioService.swift */; };
		56C6F528281DBFFA00BB15E5 /* PortfolioService.swift in Sources */ = {isa = PBXBuildFile; fileRef = 56C6F527281DBFFA00BB15E5 /* PortfolioService.swift */; };
		56C6F52B281DC06600BB15E5 /* IPortfolioManager.swift in Sources */ = {isa = PBXBuildFile; fileRef = 56C6F52A281DC06600BB15E5 /* IPortfolioManager.swift */; };
		56CD78D62812269800DC050E /* RxSwift in Frameworks */ = {isa = PBXBuildFile; productRef = 56CD78D52812269800DC050E /* RxSwift */; };
		56CDCB6328209188004AF3FF /* IPersistent.swift in Sources */ = {isa = PBXBuildFile; fileRef = 56CDCB6228209188004AF3FF /* IPersistent.swift */; };
		56F60FF3280F768100D5BDA1 /* slava_stock_watchApp.swift in Sources */ = {isa = PBXBuildFile; fileRef = 56F60FF2280F768100D5BDA1 /* slava_stock_watchApp.swift */; };
		56F60FF5280F768100D5BDA1 /* ContentView.swift in Sources */ = {isa = PBXBuildFile; fileRef = 56F60FF4280F768100D5BDA1 /* ContentView.swift */; };
		56F60FF7280F768600D5BDA1 /* Assets.xcassets in Resources */ = {isa = PBXBuildFile; fileRef = 56F60FF6280F768600D5BDA1 /* Assets.xcassets */; };
		56F60FFA280F768600D5BDA1 /* Preview Assets.xcassets in Resources */ = {isa = PBXBuildFile; fileRef = 56F60FF9280F768600D5BDA1 /* Preview Assets.xcassets */; };
		56F61005280F768600D5BDA1 /* slava_stock_watchTests.swift in Sources */ = {isa = PBXBuildFile; fileRef = 56F61004280F768600D5BDA1 /* slava_stock_watchTests.swift */; };
		56F61010280F768600D5BDA1 /* slava_stock_watchUITests.swift in Sources */ = {isa = PBXBuildFile; fileRef = 56F6100F280F768600D5BDA1 /* slava_stock_watchUITests.swift */; };
/* End PBXBuildFile section */

/* Begin PBXContainerItemProxy section */
		56F61001280F768600D5BDA1 /* PBXContainerItemProxy */ = {
			isa = PBXContainerItemProxy;
			containerPortal = 56F60FE7280F768100D5BDA1 /* Project object */;
			proxyType = 1;
			remoteGlobalIDString = 56F60FEE280F768100D5BDA1;
			remoteInfo = "slava-stock-watch";
		};
		56F6100C280F768600D5BDA1 /* PBXContainerItemProxy */ = {
			isa = PBXContainerItemProxy;
			containerPortal = 56F60FE7280F768100D5BDA1 /* Project object */;
			proxyType = 1;
			remoteGlobalIDString = 56F60FEE280F768100D5BDA1;
			remoteInfo = "slava-stock-watch";
		};
/* End PBXContainerItemProxy section */

/* Begin PBXFileReference section */
		560224B5282341A800C136B3 /* HighcharsStockView.swift */ = {isa = PBXFileReference; lastKnownFileType = sourcecode.swift; path = HighcharsStockView.swift; sourceTree = "<group>"; };
		560224BB28234A5600C136B3 /* index2.html */ = {isa = PBXFileReference; fileEncoding = 4; lastKnownFileType = text.html; path = index2.html; sourceTree = "<group>"; };
		560224C028234B3600C136B3 /* StockInsightsMainView.swift */ = {isa = PBXFileReference; lastKnownFileType = sourcecode.swift; path = StockInsightsMainView.swift; sourceTree = "<group>"; };
		560224C228234B7A00C136B3 /* StockTrendsView.swift */ = {isa = PBXFileReference; lastKnownFileType = sourcecode.swift; path = StockTrendsView.swift; sourceTree = "<group>"; };
		560224C4282358FF00C136B3 /* ApiRecommendations.swift */ = {isa = PBXFileReference; lastKnownFileType = sourcecode.swift; path = ApiRecommendations.swift; sourceTree = "<group>"; };
		560224C82823730F00C136B3 /* StockEpsView.swift */ = {isa = PBXFileReference; lastKnownFileType = sourcecode.swift; path = StockEpsView.swift; sourceTree = "<group>"; };
		560224CA282373BC00C136B3 /* ApiEarnings.swift */ = {isa = PBXFileReference; lastKnownFileType = sourcecode.swift; path = ApiEarnings.swift; sourceTree = "<group>"; };
		560224CC28238B7A00C136B3 /* StockGraphView.swift */ = {isa = PBXFileReference; lastKnownFileType = sourcecode.swift; path = StockGraphView.swift; sourceTree = "<group>"; };
		560224CE2823909400C136B3 /* ApiChart.swift */ = {isa = PBXFileReference; lastKnownFileType = sourcecode.swift; path = ApiChart.swift; sourceTree = "<group>"; };
		560224D02823A0CF00C136B3 /* ApiPeers.swift */ = {isa = PBXFileReference; lastKnownFileType = sourcecode.swift; path = ApiPeers.swift; sourceTree = "<group>"; };
		560224D22823A58400C136B3 /* ApiTrend.swift */ = {isa = PBXFileReference; lastKnownFileType = sourcecode.swift; path = ApiTrend.swift; sourceTree = "<group>"; };
		562C36A8281128A9004C2E21 /* StockMainView.swift */ = {isa = PBXFileReference; lastKnownFileType = sourcecode.swift; path = StockMainView.swift; sourceTree = "<group>"; };
		562C36AB28112E02004C2E21 /* ServiceContainer.swift */ = {isa = PBXFileReference; lastKnownFileType = sourcecode.swift; path = ServiceContainer.swift; sourceTree = "<group>"; };
		562C36B028112EEE004C2E21 /* HttpService.swift */ = {isa = PBXFileReference; lastKnownFileType = sourcecode.swift; path = HttpService.swift; sourceTree = "<group>"; };
		562C36B228112F06004C2E21 /* IHttpService.swift */ = {isa = PBXFileReference; lastKnownFileType = sourcecode.swift; path = IHttpService.swift; sourceTree = "<group>"; };
		562C36B928113707004C2E21 /* ApiProfile.swift */ = {isa = PBXFileReference; lastKnownFileType = sourcecode.swift; path = ApiProfile.swift; sourceTree = "<group>"; };
		562C36BB28113C15004C2E21 /* StockSummaryView.swift */ = {isa = PBXFileReference; lastKnownFileType = sourcecode.swift; path = StockSummaryView.swift; sourceTree = "<group>"; };
		562C36C12811452A004C2E21 /* ApiCallable.swift */ = {isa = PBXFileReference; lastKnownFileType = sourcecode.swift; path = ApiCallable.swift; sourceTree = "<group>"; };
		56394287280FACCD00FF7BAC /* MainView.swift */ = {isa = PBXFileReference; lastKnownFileType = sourcecode.swift; path = MainView.swift; sourceTree = "<group>"; };
		569018932819E67600C76956 /* StockStatsView.swift */ = {isa = PBXFileReference; lastKnownFileType = sourcecode.swift; path = StockStatsView.swift; sourceTree = "<group>"; };
		569018952819E7CB00C76956 /* ApiStats.swift */ = {isa = PBXFileReference; lastKnownFileType = sourcecode.swift; path = ApiStats.swift; sourceTree = "<group>"; };
		56901898281A074C00C76956 /* DoubleExt.swift */ = {isa = PBXFileReference; lastKnownFileType = sourcecode.swift; path = DoubleExt.swift; sourceTree = "<group>"; };
		5690189A281A077900C76956 /* StringFormatExt.swift */ = {isa = PBXFileReference; lastKnownFileType = sourcecode.swift; path = StringFormatExt.swift; sourceTree = "<group>"; };
		5690189C281A0C0800C76956 /* StockAboutView.swift */ = {isa = PBXFileReference; lastKnownFileType = sourcecode.swift; path = StockAboutView.swift; sourceTree = "<group>"; };
		5690189E281A133800C76956 /* ApiProfileDetails.swift */ = {isa = PBXFileReference; lastKnownFileType = sourcecode.swift; path = ApiProfileDetails.swift; sourceTree = "<group>"; };
		569018A2281A2A0400C76956 /* StockInsightsView.swift */ = {isa = PBXFileReference; lastKnownFileType = sourcecode.swift; name = StockInsightsView.swift; path = ../StockInfo/StockInsightsView.swift; sourceTree = "<group>"; };
		569018A4281A2AFC00C76956 /* ApiSentiments.swift */ = {isa = PBXFileReference; lastKnownFileType = sourcecode.swift; path = ApiSentiments.swift; sourceTree = "<group>"; };
		569018AA281A683200C76956 /* ApiNews.swift */ = {isa = PBXFileReference; lastKnownFileType = sourcecode.swift; path = ApiNews.swift; sourceTree = "<group>"; };
		569018AC281B269400C76956 /* StockNewsView.swift */ = {isa = PBXFileReference; lastKnownFileType = sourcecode.swift; path = StockNewsView.swift; sourceTree = "<group>"; };
		569018AE281B43CC00C76956 /* StockNewsItemView.swift */ = {isa = PBXFileReference; lastKnownFileType = sourcecode.swift; path = StockNewsItemView.swift; sourceTree = "<group>"; };
		569018B0281B5AE800C76956 /* StockNewsPopupView.swift */ = {isa = PBXFileReference; lastKnownFileType = sourcecode.swift; path = StockNewsPopupView.swift; sourceTree = "<group>"; };
		569018B3281B61A900C76956 /* DateExt.swift */ = {isa = PBXFileReference; lastKnownFileType = sourcecode.swift; path = DateExt.swift; sourceTree = "<group>"; };
		569018B5281C657E00C76956 /* StockNewsLeadingItem.swift */ = {isa = PBXFileReference; lastKnownFileType = sourcecode.swift; path = StockNewsLeadingItem.swift; sourceTree = "<group>"; };
		569018B8281C77A700C76956 /* StockSummaryMainView.swift */ = {isa = PBXFileReference; lastKnownFileType = sourcecode.swift; path = StockSummaryMainView.swift; sourceTree = "<group>"; };
		569018BA281C78F100C76956 /* StockSummaryPriceView.swift */ = {isa = PBXFileReference; lastKnownFileType = sourcecode.swift; path = StockSummaryPriceView.swift; sourceTree = "<group>"; };
		569018BD281C80EF00C76956 /* DataModel.xcdatamodel */ = {isa = PBXFileReference; lastKnownFileType = wrapper.xcdatamodel; path = DataModel.xcdatamodel; sourceTree = "<group>"; };
		569018C1281C823C00C76956 /* PortfolioManager.swift */ = {isa = PBXFileReference; lastKnownFileType = sourcecode.swift; path = PortfolioManager.swift; sourceTree = "<group>"; };
		56930CED2810BB690007FC08 /* PortfolioItem.swift */ = {isa = PBXFileReference; lastKnownFileType = sourcecode.swift; path = PortfolioItem.swift; sourceTree = "<group>"; };
		56A54349281DCF1B006C8D36 /* CashItem.swift */ = {isa = PBXFileReference; lastKnownFileType = sourcecode.swift; path = CashItem.swift; sourceTree = "<group>"; };
		56A5434C281DD284006C8D36 /* StockPortfolioView.swift */ = {isa = PBXFileReference; lastKnownFileType = sourcecode.swift; path = StockPortfolioView.swift; sourceTree = "<group>"; };
		56A5434E281DD9D2006C8D36 /* ViewExt.swift */ = {isa = PBXFileReference; lastKnownFileType = sourcecode.swift; path = ViewExt.swift; sourceTree = "<group>"; };
		56A5435D281DFA99006C8D36 /* StatsVM.swift */ = {isa = PBXFileReference; lastKnownFileType = sourcecode.swift; path = StatsVM.swift; sourceTree = "<group>"; };
		56A5435F281DFBD7006C8D36 /* StockCommonData.swift */ = {isa = PBXFileReference; lastKnownFileType = sourcecode.swift; path = StockCommonData.swift; sourceTree = "<group>"; };
		56A54361281E0D93006C8D36 /* SingleApiVM.swift */ = {isa = PBXFileReference; lastKnownFileType = sourcecode.swift; path = SingleApiVM.swift; sourceTree = "<group>"; };
		56A54363281E14A0006C8D36 /* StockEmptyPortfolioView.swift */ = {isa = PBXFileReference; lastKnownFileType = sourcecode.swift; path = StockEmptyPortfolioView.swift; sourceTree = "<group>"; };
		56A54365281E18BD006C8D36 /* StockExistingPortfolioView.swift */ = {isa = PBXFileReference; lastKnownFileType = sourcecode.swift; path = StockExistingPortfolioView.swift; sourceTree = "<group>"; };
		56A54368281E57BC006C8D36 /* ScreenConstants.swift */ = {isa = PBXFileReference; lastKnownFileType = sourcecode.swift; path = ScreenConstants.swift; sourceTree = "<group>"; };
		56A5436A281E6767006C8D36 /* StockTradeButton.swift */ = {isa = PBXFileReference; lastKnownFileType = sourcecode.swift; path = StockTradeButton.swift; sourceTree = "<group>"; };
		56A5436C281E68FF006C8D36 /* StockTradeView.swift */ = {isa = PBXFileReference; lastKnownFileType = sourcecode.swift; path = StockTradeView.swift; sourceTree = "<group>"; };
		56A5436F281F5EFA006C8D36 /* MockHttpService.swift */ = {isa = PBXFileReference; lastKnownFileType = sourcecode.swift; path = MockHttpService.swift; sourceTree = "<group>"; };
		56A54371281F6519006C8D36 /* PortfolioDataService.swift */ = {isa = PBXFileReference; lastKnownFileType = sourcecode.swift; path = PortfolioDataService.swift; sourceTree = "<group>"; };
		56A54373281F6D49006C8D36 /* IPortfolioDataService.swift */ = {isa = PBXFileReference; lastKnownFileType = sourcecode.swift; path = IPortfolioDataService.swift; sourceTree = "<group>"; };
		56A54375281F8D66006C8D36 /* ApiSearch.swift */ = {isa = PBXFileReference; lastKnownFileType = sourcecode.swift; path = ApiSearch.swift; sourceTree = "<group>"; };
		56A5437C28207D9E006C8D36 /* StockTradeSuccessView.swift */ = {isa = PBXFileReference; lastKnownFileType = sourcecode.swift; path = StockTradeSuccessView.swift; sourceTree = "<group>"; };
		56BC21612820C53A00C98866 /* LoadingView.swift */ = {isa = PBXFileReference; lastKnownFileType = sourcecode.swift; path = LoadingView.swift; sourceTree = "<group>"; };
		56BC21642820D27900C98866 /* MainPortfolioView.swift */ = {isa = PBXFileReference; lastKnownFileType = sourcecode.swift; path = MainPortfolioView.swift; sourceTree = "<group>"; };
		56BC21662820D29800C98866 /* MainDateView.swift */ = {isa = PBXFileReference; lastKnownFileType = sourcecode.swift; path = MainDateView.swift; sourceTree = "<group>"; };
		56BC21692821BF6100C98866 /* MainSearchView.swift */ = {isa = PBXFileReference; lastKnownFileType = sourcecode.swift; path = MainSearchView.swift; sourceTree = "<group>"; };
		56BC216B2821D17300C98866 /* MainPortfolioItemView.swift */ = {isa = PBXFileReference; lastKnownFileType = sourcecode.swift; path = MainPortfolioItemView.swift; sourceTree = "<group>"; };
		56BC216E2821FAE400C98866 /* FinhubView.swift */ = {isa = PBXFileReference; lastKnownFileType = sourcecode.swift; path = FinhubView.swift; sourceTree = "<group>"; };
		56BC21712821FDD300C98866 /* IWatchListManager.swift */ = {isa = PBXFileReference; lastKnownFileType = sourcecode.swift; path = IWatchListManager.swift; sourceTree = "<group>"; };
		56BC21732821FE5200C98866 /* WatchlistManager.swift */ = {isa = PBXFileReference; lastKnownFileType = sourcecode.swift; path = WatchlistManager.swift; sourceTree = "<group>"; };
		56BC21752821FEF600C98866 /* ManagerContainer.swift */ = {isa = PBXFileReference; lastKnownFileType = sourcecode.swift; path = ManagerContainer.swift; sourceTree = "<group>"; };
		56BC2177282200D400C98866 /* ManagerBase.swift */ = {isa = PBXFileReference; lastKnownFileType = sourcecode.swift; path = ManagerBase.swift; sourceTree = "<group>"; };
		56BC2179282203FF00C98866 /* WatchlistService.swift */ = {isa = PBXFileReference; lastKnownFileType = sourcecode.swift; path = WatchlistService.swift; sourceTree = "<group>"; };
		56BC217B2822041800C98866 /* IWatchlistService.swift */ = {isa = PBXFileReference; lastKnownFileType = sourcecode.swift; path = IWatchlistService.swift; sourceTree = "<group>"; };
		56BC217D2822049300C98866 /* WatchlistItem.swift */ = {isa = PBXFileReference; lastKnownFileType = sourcecode.swift; path = WatchlistItem.swift; sourceTree = "<group>"; };
		56BC21802822472100C98866 /* WatchlistView.swift */ = {isa = PBXFileReference; lastKnownFileType = sourcecode.swift; path = WatchlistView.swift; sourceTree = "<group>"; };
		56BC2182282247D100C98866 /* WatchlistItemView.swift */ = {isa = PBXFileReference; lastKnownFileType = sourcecode.swift; path = WatchlistItemView.swift; sourceTree = "<group>"; };
		56C6F51E281DBDC600BB15E5 /* IPortfolioService.swift */ = {isa = PBXFileReference; lastKnownFileType = sourcecode.swift; path = IPortfolioService.swift; sourceTree = "<group>"; };
		56C6F527281DBFFA00BB15E5 /* PortfolioService.swift */ = {isa = PBXFileReference; lastKnownFileType = sourcecode.swift; path = PortfolioService.swift; sourceTree = "<group>"; };
		56C6F52A281DC06600BB15E5 /* IPortfolioManager.swift */ = {isa = PBXFileReference; lastKnownFileType = sourcecode.swift; path = IPortfolioManager.swift; sourceTree = "<group>"; };
		56CDCB6228209188004AF3FF /* IPersistent.swift */ = {isa = PBXFileReference; lastKnownFileType = sourcecode.swift; path = IPersistent.swift; sourceTree = "<group>"; };
		56F60FEF280F768100D5BDA1 /* slava-stock-watch.app */ = {isa = PBXFileReference; explicitFileType = wrapper.application; includeInIndex = 0; path = "slava-stock-watch.app"; sourceTree = BUILT_PRODUCTS_DIR; };
		56F60FF2280F768100D5BDA1 /* slava_stock_watchApp.swift */ = {isa = PBXFileReference; lastKnownFileType = sourcecode.swift; path = slava_stock_watchApp.swift; sourceTree = "<group>"; };
		56F60FF4280F768100D5BDA1 /* ContentView.swift */ = {isa = PBXFileReference; lastKnownFileType = sourcecode.swift; path = ContentView.swift; sourceTree = "<group>"; };
		56F60FF6280F768600D5BDA1 /* Assets.xcassets */ = {isa = PBXFileReference; lastKnownFileType = folder.assetcatalog; path = Assets.xcassets; sourceTree = "<group>"; };
		56F60FF9280F768600D5BDA1 /* Preview Assets.xcassets */ = {isa = PBXFileReference; lastKnownFileType = folder.assetcatalog; path = "Preview Assets.xcassets"; sourceTree = "<group>"; };
		56F60FFB280F768600D5BDA1 /* Info.plist */ = {isa = PBXFileReference; lastKnownFileType = text.plist.xml; path = Info.plist; sourceTree = "<group>"; };
		56F61000280F768600D5BDA1 /* slava-stock-watchTests.xctest */ = {isa = PBXFileReference; explicitFileType = wrapper.cfbundle; includeInIndex = 0; path = "slava-stock-watchTests.xctest"; sourceTree = BUILT_PRODUCTS_DIR; };
		56F61004280F768600D5BDA1 /* slava_stock_watchTests.swift */ = {isa = PBXFileReference; lastKnownFileType = sourcecode.swift; path = slava_stock_watchTests.swift; sourceTree = "<group>"; };
		56F61006280F768600D5BDA1 /* Info.plist */ = {isa = PBXFileReference; lastKnownFileType = text.plist.xml; path = Info.plist; sourceTree = "<group>"; };
		56F6100B280F768600D5BDA1 /* slava-stock-watchUITests.xctest */ = {isa = PBXFileReference; explicitFileType = wrapper.cfbundle; includeInIndex = 0; path = "slava-stock-watchUITests.xctest"; sourceTree = BUILT_PRODUCTS_DIR; };
		56F6100F280F768600D5BDA1 /* slava_stock_watchUITests.swift */ = {isa = PBXFileReference; lastKnownFileType = sourcecode.swift; path = slava_stock_watchUITests.swift; sourceTree = "<group>"; };
		56F61011280F768600D5BDA1 /* Info.plist */ = {isa = PBXFileReference; lastKnownFileType = text.plist.xml; path = Info.plist; sourceTree = "<group>"; };
/* End PBXFileReference section */

/* Begin PBXFrameworksBuildPhase section */
		56F60FEC280F768100D5BDA1 /* Frameworks */ = {
			isa = PBXFrameworksBuildPhase;
			buildActionMask = 2147483647;
			files = (
				56A5437928207131006C8D36 /* AlertToast in Frameworks */,
				56CD78D62812269800DC050E /* RxSwift in Frameworks */,
				562C36B628113554004C2E21 /* Alamofire in Frameworks */,
			);
			runOnlyForDeploymentPostprocessing = 0;
		};
		56F60FFD280F768600D5BDA1 /* Frameworks */ = {
			isa = PBXFrameworksBuildPhase;
			buildActionMask = 2147483647;
			files = (
			);
			runOnlyForDeploymentPostprocessing = 0;
		};
		56F61008280F768600D5BDA1 /* Frameworks */ = {
			isa = PBXFrameworksBuildPhase;
			buildActionMask = 2147483647;
			files = (
			);
			runOnlyForDeploymentPostprocessing = 0;
		};
/* End PBXFrameworksBuildPhase section */

/* Begin PBXGroup section */
		560224B42823416600C136B3 /* Graphs */ = {
			isa = PBXGroup;
			children = (
				560224B5282341A800C136B3 /* HighcharsStockView.swift */,
			);
			path = Graphs;
			sourceTree = "<group>";
		};
		560224B82823434F00C136B3 /* Html */ = {
			isa = PBXGroup;
			children = (
				560224BB28234A5600C136B3 /* index2.html */,
			);
			path = Html;
			sourceTree = "<group>";
		};
		560224BD28234AD800C136B3 /* Insights */ = {
			isa = PBXGroup;
			children = (
				569018A2281A2A0400C76956 /* StockInsightsView.swift */,
				560224C028234B3600C136B3 /* StockInsightsMainView.swift */,
				560224C228234B7A00C136B3 /* StockTrendsView.swift */,
				560224C82823730F00C136B3 /* StockEpsView.swift */,
			);
			path = Insights;
			sourceTree = "<group>";
		};
		560224D4282445BD00C136B3 /* Main */ = {
			isa = PBXGroup;
			children = (
				562C36A8281128A9004C2E21 /* StockMainView.swift */,
			);
			path = Main;
			sourceTree = "<group>";
		};
		560224D5282445CA00C136B3 /* Misc */ = {
			isa = PBXGroup;
			children = (
				569018932819E67600C76956 /* StockStatsView.swift */,
				5690189C281A0C0800C76956 /* StockAboutView.swift */,
				56BC21612820C53A00C98866 /* LoadingView.swift */,
			);
			path = Misc;
			sourceTree = "<group>";
		};
		562C36A728112875004C2E21 /* StockInfo */ = {
			isa = PBXGroup;
			children = (
				560224D5282445CA00C136B3 /* Misc */,
				560224D4282445BD00C136B3 /* Main */,
				56A5434B281DD267006C8D36 /* StockPortfolio */,
				569018B7281C778500C76956 /* StockSummary */,
				569018B2281B5B0B00C76956 /* StockNews */,
			);
			path = StockInfo;
			sourceTree = "<group>";
		};
		562C36AA28112DB5004C2E21 /* Services */ = {
			isa = PBXGroup;
			children = (
				56A5436E281F5EB8006C8D36 /* Mock */,
				56A54351281DDE57006C8D36 /* Portfolio */,
				56A54350281DDE4B006C8D36 /* Http */,
				562C36AD28112E4A004C2E21 /* Protocols */,
				562C36AB28112E02004C2E21 /* ServiceContainer.swift */,
			);
			path = Services;
			sourceTree = "<group>";
		};
		562C36AD28112E4A004C2E21 /* Protocols */ = {
			isa = PBXGroup;
			children = (
				562C36B228112F06004C2E21 /* IHttpService.swift */,
				56C6F51E281DBDC600BB15E5 /* IPortfolioService.swift */,
				56A54373281F6D49006C8D36 /* IPortfolioDataService.swift */,
				56BC217B2822041800C98866 /* IWatchlistService.swift */,
			);
			path = Protocols;
			sourceTree = "<group>";
		};
		562C36B8281136E8004C2E21 /* HttpResposes */ = {
			isa = PBXGroup;
			children = (
				562C36B928113707004C2E21 /* ApiProfile.swift */,
				562C36C12811452A004C2E21 /* ApiCallable.swift */,
				569018952819E7CB00C76956 /* ApiStats.swift */,
				5690189E281A133800C76956 /* ApiProfileDetails.swift */,
				569018A4281A2AFC00C76956 /* ApiSentiments.swift */,
				569018AA281A683200C76956 /* ApiNews.swift */,
				56A54375281F8D66006C8D36 /* ApiSearch.swift */,
				560224C4282358FF00C136B3 /* ApiRecommendations.swift */,
				560224CA282373BC00C136B3 /* ApiEarnings.swift */,
				560224CE2823909400C136B3 /* ApiChart.swift */,
				560224D02823A0CF00C136B3 /* ApiPeers.swift */,
				560224D22823A58400C136B3 /* ApiTrend.swift */,
			);
			path = HttpResposes;
			sourceTree = "<group>";
		};
		56394285280FACA800FF7BAC /* Views */ = {
			isa = PBXGroup;
			children = (
				560224BD28234AD800C136B3 /* Insights */,
				560224B42823416600C136B3 /* Graphs */,
				569018C0281C821E00C76956 /* Portfolio */,
				562C36A728112875004C2E21 /* StockInfo */,
				56930CE82810BAE20007FC08 /* Main */,
			);
			path = Views;
			sourceTree = "<group>";
		};
		56394286280FACB100FF7BAC /* ViewModels */ = {
			isa = PBXGroup;
			children = (
				56A5435D281DFA99006C8D36 /* StatsVM.swift */,
				56A54361281E0D93006C8D36 /* SingleApiVM.swift */,
			);
			path = ViewModels;
			sourceTree = "<group>";
		};
		56901897281A073D00C76956 /* Extensions */ = {
			isa = PBXGroup;
			children = (
				56901898281A074C00C76956 /* DoubleExt.swift */,
				5690189A281A077900C76956 /* StringFormatExt.swift */,
				569018B3281B61A900C76956 /* DateExt.swift */,
				56A5434E281DD9D2006C8D36 /* ViewExt.swift */,
			);
			path = Extensions;
			sourceTree = "<group>";
		};
		569018B2281B5B0B00C76956 /* StockNews */ = {
			isa = PBXGroup;
			children = (
				569018AC281B269400C76956 /* StockNewsView.swift */,
				569018AE281B43CC00C76956 /* StockNewsItemView.swift */,
				569018B0281B5AE800C76956 /* StockNewsPopupView.swift */,
				569018B5281C657E00C76956 /* StockNewsLeadingItem.swift */,
			);
			path = StockNews;
			sourceTree = "<group>";
		};
		569018B7281C778500C76956 /* StockSummary */ = {
			isa = PBXGroup;
			children = (
				562C36BB28113C15004C2E21 /* StockSummaryView.swift */,
				569018B8281C77A700C76956 /* StockSummaryMainView.swift */,
				569018BA281C78F100C76956 /* StockSummaryPriceView.swift */,
				560224CC28238B7A00C136B3 /* StockGraphView.swift */,
			);
			path = StockSummary;
			sourceTree = "<group>";
		};
		569018BF281C81E400C76956 /* Managers */ = {
			isa = PBXGroup;
			children = (
				569018C1281C823C00C76956 /* PortfolioManager.swift */,
				56BC21732821FE5200C98866 /* WatchlistManager.swift */,
				56BC2177282200D400C98866 /* ManagerBase.swift */,
			);
			path = Managers;
			sourceTree = "<group>";
		};
		569018C0281C821E00C76956 /* Portfolio */ = {
			isa = PBXGroup;
			children = (
			);
			path = Portfolio;
			sourceTree = "<group>";
		};
		56930CE82810BAE20007FC08 /* Main */ = {
			isa = PBXGroup;
			children = (
				56BC217F2822470E00C98866 /* Watchlist */,
				56BC21702821FD1D00C98866 /* Misc */,
				56BC21682821BF4C00C98866 /* Search */,
				56BC21632820D26000C98866 /* Portfolio */,
				56394287280FACCD00FF7BAC /* MainView.swift */,
			);
			path = Main;
			sourceTree = "<group>";
		};
		56930CEB2810BB410007FC08 /* Models */ = {
			isa = PBXGroup;
			children = (
				560224B82823434F00C136B3 /* Html */,
				56C6F529281DC05500BB15E5 /* Protocols */,
				569018BF281C81E400C76956 /* Managers */,
				562C36B8281136E8004C2E21 /* HttpResposes */,
				56930CEC2810BB460007FC08 /* DataContainers */,
				56BC21752821FEF600C98866 /* ManagerContainer.swift */,
			);
			path = Models;
			sourceTree = "<group>";
		};
		56930CEC2810BB460007FC08 /* DataContainers */ = {
			isa = PBXGroup;
			children = (
				56930CED2810BB690007FC08 /* PortfolioItem.swift */,
				56A54349281DCF1B006C8D36 /* CashItem.swift */,
				56A5435F281DFBD7006C8D36 /* StockCommonData.swift */,
				56BC217D2822049300C98866 /* WatchlistItem.swift */,
			);
			path = DataContainers;
			sourceTree = "<group>";
		};
		56A5434B281DD267006C8D36 /* StockPortfolio */ = {
			isa = PBXGroup;
			children = (
				56A5434C281DD284006C8D36 /* StockPortfolioView.swift */,
				56A54363281E14A0006C8D36 /* StockEmptyPortfolioView.swift */,
				56A54365281E18BD006C8D36 /* StockExistingPortfolioView.swift */,
				56A5436A281E6767006C8D36 /* StockTradeButton.swift */,
				56A5436C281E68FF006C8D36 /* StockTradeView.swift */,
				56A5437C28207D9E006C8D36 /* StockTradeSuccessView.swift */,
			);
			path = StockPortfolio;
			sourceTree = "<group>";
		};
		56A54350281DDE4B006C8D36 /* Http */ = {
			isa = PBXGroup;
			children = (
				562C36B028112EEE004C2E21 /* HttpService.swift */,
			);
			path = Http;
			sourceTree = "<group>";
		};
		56A54351281DDE57006C8D36 /* Portfolio */ = {
			isa = PBXGroup;
			children = (
				56C6F527281DBFFA00BB15E5 /* PortfolioService.swift */,
				56A54371281F6519006C8D36 /* PortfolioDataService.swift */,
				56BC2179282203FF00C98866 /* WatchlistService.swift */,
			);
			path = Portfolio;
			sourceTree = "<group>";
		};
		56A54367281E57A9006C8D36 /* Constants */ = {
			isa = PBXGroup;
			children = (
				56A54368281E57BC006C8D36 /* ScreenConstants.swift */,
			);
			path = Constants;
			sourceTree = "<group>";
		};
		56A5436E281F5EB8006C8D36 /* Mock */ = {
			isa = PBXGroup;
			children = (
				56A5436F281F5EFA006C8D36 /* MockHttpService.swift */,
			);
			path = Mock;
			sourceTree = "<group>";
		};
		56BC21632820D26000C98866 /* Portfolio */ = {
			isa = PBXGroup;
			children = (
				56BC21642820D27900C98866 /* MainPortfolioView.swift */,
				56BC216B2821D17300C98866 /* MainPortfolioItemView.swift */,
			);
			path = Portfolio;
			sourceTree = "<group>";
		};
		56BC21682821BF4C00C98866 /* Search */ = {
			isa = PBXGroup;
			children = (
				56BC21692821BF6100C98866 /* MainSearchView.swift */,
			);
			path = Search;
			sourceTree = "<group>";
		};
		56BC21702821FD1D00C98866 /* Misc */ = {
			isa = PBXGroup;
			children = (
				56BC216E2821FAE400C98866 /* FinhubView.swift */,
				56BC21662820D29800C98866 /* MainDateView.swift */,
			);
			path = Misc;
			sourceTree = "<group>";
		};
		56BC217F2822470E00C98866 /* Watchlist */ = {
			isa = PBXGroup;
			children = (
				56BC21802822472100C98866 /* WatchlistView.swift */,
				56BC2182282247D100C98866 /* WatchlistItemView.swift */,
			);
			path = Watchlist;
			sourceTree = "<group>";
		};
		56C6F529281DC05500BB15E5 /* Protocols */ = {
			isa = PBXGroup;
			children = (
				56C6F52A281DC06600BB15E5 /* IPortfolioManager.swift */,
				56CDCB6228209188004AF3FF /* IPersistent.swift */,
				56BC21712821FDD300C98866 /* IWatchListManager.swift */,
			);
			path = Protocols;
			sourceTree = "<group>";
		};
		56F60FE6280F768100D5BDA1 = {
			isa = PBXGroup;
			children = (
				56F60FF1280F768100D5BDA1 /* slava-stock-watch */,
				56F61003280F768600D5BDA1 /* slava-stock-watchTests */,
				56F6100E280F768600D5BDA1 /* slava-stock-watchUITests */,
				56F60FF0280F768100D5BDA1 /* Products */,
			);
			sourceTree = "<group>";
		};
		56F60FF0280F768100D5BDA1 /* Products */ = {
			isa = PBXGroup;
			children = (
				56F60FEF280F768100D5BDA1 /* slava-stock-watch.app */,
				56F61000280F768600D5BDA1 /* slava-stock-watchTests.xctest */,
				56F6100B280F768600D5BDA1 /* slava-stock-watchUITests.xctest */,
			);
			name = Products;
			sourceTree = "<group>";
		};
		56F60FF1280F768100D5BDA1 /* slava-stock-watch */ = {
			isa = PBXGroup;
			children = (
				56A54367281E57A9006C8D36 /* Constants */,
				56901897281A073D00C76956 /* Extensions */,
				562C36AA28112DB5004C2E21 /* Services */,
				56930CEB2810BB410007FC08 /* Models */,
				56394286280FACB100FF7BAC /* ViewModels */,
				56394285280FACA800FF7BAC /* Views */,
				56F60FF2280F768100D5BDA1 /* slava_stock_watchApp.swift */,
				56F60FF4280F768100D5BDA1 /* ContentView.swift */,
				56F60FF6280F768600D5BDA1 /* Assets.xcassets */,
				56F60FFB280F768600D5BDA1 /* Info.plist */,
				56F60FF8280F768600D5BDA1 /* Preview Content */,
				569018BC281C80EF00C76956 /* DataModel.xcdatamodeld */,
			);
			path = "slava-stock-watch";
			sourceTree = "<group>";
		};
		56F60FF8280F768600D5BDA1 /* Preview Content */ = {
			isa = PBXGroup;
			children = (
				56F60FF9280F768600D5BDA1 /* Preview Assets.xcassets */,
			);
			path = "Preview Content";
			sourceTree = "<group>";
		};
		56F61003280F768600D5BDA1 /* slava-stock-watchTests */ = {
			isa = PBXGroup;
			children = (
				56F61004280F768600D5BDA1 /* slava_stock_watchTests.swift */,
				56F61006280F768600D5BDA1 /* Info.plist */,
			);
			path = "slava-stock-watchTests";
			sourceTree = "<group>";
		};
		56F6100E280F768600D5BDA1 /* slava-stock-watchUITests */ = {
			isa = PBXGroup;
			children = (
				56F6100F280F768600D5BDA1 /* slava_stock_watchUITests.swift */,
				56F61011280F768600D5BDA1 /* Info.plist */,
			);
			path = "slava-stock-watchUITests";
			sourceTree = "<group>";
		};
/* End PBXGroup section */

/* Begin PBXNativeTarget section */
		56F60FEE280F768100D5BDA1 /* slava-stock-watch */ = {
			isa = PBXNativeTarget;
			buildConfigurationList = 56F61014280F768600D5BDA1 /* Build configuration list for PBXNativeTarget "slava-stock-watch" */;
			buildPhases = (
				56F60FEB280F768100D5BDA1 /* Sources */,
				56F60FEC280F768100D5BDA1 /* Frameworks */,
				56F60FED280F768100D5BDA1 /* Resources */,
			);
			buildRules = (
			);
			dependencies = (
			);
			name = "slava-stock-watch";
			packageProductDependencies = (
				562C36B528113554004C2E21 /* Alamofire */,
				56CD78D52812269800DC050E /* RxSwift */,
				56A5437828207131006C8D36 /* AlertToast */,
			);
			productName = "slava-stock-watch";
			productReference = 56F60FEF280F768100D5BDA1 /* slava-stock-watch.app */;
			productType = "com.apple.product-type.application";
		};
		56F60FFF280F768600D5BDA1 /* slava-stock-watchTests */ = {
			isa = PBXNativeTarget;
			buildConfigurationList = 56F61017280F768600D5BDA1 /* Build configuration list for PBXNativeTarget "slava-stock-watchTests" */;
			buildPhases = (
				56F60FFC280F768600D5BDA1 /* Sources */,
				56F60FFD280F768600D5BDA1 /* Frameworks */,
				56F60FFE280F768600D5BDA1 /* Resources */,
			);
			buildRules = (
			);
			dependencies = (
				56F61002280F768600D5BDA1 /* PBXTargetDependency */,
			);
			name = "slava-stock-watchTests";
			productName = "slava-stock-watchTests";
			productReference = 56F61000280F768600D5BDA1 /* slava-stock-watchTests.xctest */;
			productType = "com.apple.product-type.bundle.unit-test";
		};
		56F6100A280F768600D5BDA1 /* slava-stock-watchUITests */ = {
			isa = PBXNativeTarget;
			buildConfigurationList = 56F6101A280F768600D5BDA1 /* Build configuration list for PBXNativeTarget "slava-stock-watchUITests" */;
			buildPhases = (
				56F61007280F768600D5BDA1 /* Sources */,
				56F61008280F768600D5BDA1 /* Frameworks */,
				56F61009280F768600D5BDA1 /* Resources */,
			);
			buildRules = (
			);
			dependencies = (
				56F6100D280F768600D5BDA1 /* PBXTargetDependency */,
			);
			name = "slava-stock-watchUITests";
			productName = "slava-stock-watchUITests";
			productReference = 56F6100B280F768600D5BDA1 /* slava-stock-watchUITests.xctest */;
			productType = "com.apple.product-type.bundle.ui-testing";
		};
/* End PBXNativeTarget section */

/* Begin PBXProject section */
		56F60FE7280F768100D5BDA1 /* Project object */ = {
			isa = PBXProject;
			attributes = {
				LastSwiftUpdateCheck = 1250;
				LastUpgradeCheck = 1250;
				TargetAttributes = {
					56F60FEE280F768100D5BDA1 = {
						CreatedOnToolsVersion = 12.5.1;
					};
					56F60FFF280F768600D5BDA1 = {
						CreatedOnToolsVersion = 12.5.1;
						TestTargetID = 56F60FEE280F768100D5BDA1;
					};
					56F6100A280F768600D5BDA1 = {
						CreatedOnToolsVersion = 12.5.1;
						TestTargetID = 56F60FEE280F768100D5BDA1;
					};
				};
			};
			buildConfigurationList = 56F60FEA280F768100D5BDA1 /* Build configuration list for PBXProject "slava-stock-watch" */;
			compatibilityVersion = "Xcode 9.3";
			developmentRegion = en;
			hasScannedForEncodings = 0;
			knownRegions = (
				en,
				Base,
			);
			mainGroup = 56F60FE6280F768100D5BDA1;
			packageReferences = (
				562C36B428113554004C2E21 /* XCRemoteSwiftPackageReference "Alamofire" */,
				56CD78D42812269800DC050E /* XCRemoteSwiftPackageReference "RxSwift" */,
				56A5437728207131006C8D36 /* XCRemoteSwiftPackageReference "AlertToast" */,
			);
			productRefGroup = 56F60FF0280F768100D5BDA1 /* Products */;
			projectDirPath = "";
			projectRoot = "";
			targets = (
				56F60FEE280F768100D5BDA1 /* slava-stock-watch */,
				56F60FFF280F768600D5BDA1 /* slava-stock-watchTests */,
				56F6100A280F768600D5BDA1 /* slava-stock-watchUITests */,
			);
		};
/* End PBXProject section */

/* Begin PBXResourcesBuildPhase section */
		56F60FED280F768100D5BDA1 /* Resources */ = {
			isa = PBXResourcesBuildPhase;
			buildActionMask = 2147483647;
			files = (
				56F60FFA280F768600D5BDA1 /* Preview Assets.xcassets in Resources */,
				56F60FF7280F768600D5BDA1 /* Assets.xcassets in Resources */,
				560224BC28234A5600C136B3 /* index2.html in Resources */,
			);
			runOnlyForDeploymentPostprocessing = 0;
		};
		56F60FFE280F768600D5BDA1 /* Resources */ = {
			isa = PBXResourcesBuildPhase;
			buildActionMask = 2147483647;
			files = (
			);
			runOnlyForDeploymentPostprocessing = 0;
		};
		56F61009280F768600D5BDA1 /* Resources */ = {
			isa = PBXResourcesBuildPhase;
			buildActionMask = 2147483647;
			files = (
			);
			runOnlyForDeploymentPostprocessing = 0;
		};
/* End PBXResourcesBuildPhase section */

/* Begin PBXSourcesBuildPhase section */
		56F60FEB280F768100D5BDA1 /* Sources */ = {
			isa = PBXSourcesBuildPhase;
			buildActionMask = 2147483647;
			files = (
				560224C328234B7A00C136B3 /* StockTrendsView.swift in Sources */,
				569018BE281C80EF00C76956 /* DataModel.xcdatamodeld in Sources */,
				56BC2178282200D400C98866 /* ManagerBase.swift in Sources */,
				56A54362281E0D93006C8D36 /* SingleApiVM.swift in Sources */,
				56A54374281F6D49006C8D36 /* IPortfolioDataService.swift in Sources */,
				56BC21652820D27900C98866 /* MainPortfolioView.swift in Sources */,
				562C36B128112EEE004C2E21 /* HttpService.swift in Sources */,
				56A5436D281E68FF006C8D36 /* StockTradeView.swift in Sources */,
				56A54364281E14A0006C8D36 /* StockEmptyPortfolioView.swift in Sources */,
				569018A3281A2A0400C76956 /* StockInsightsView.swift in Sources */,
				5690189B281A077900C76956 /* StringFormatExt.swift in Sources */,
				56A54370281F5EFA006C8D36 /* MockHttpService.swift in Sources */,
				56A54376281F8D66006C8D36 /* ApiSearch.swift in Sources */,
				569018B4281B61A900C76956 /* DateExt.swift in Sources */,
				562C36A9281128A9004C2E21 /* StockMainView.swift in Sources */,
				56A5435E281DFA99006C8D36 /* StatsVM.swift in Sources */,
				56BC2183282247D100C98866 /* WatchlistItemView.swift in Sources */,
				5690189F281A133800C76956 /* ApiProfileDetails.swift in Sources */,
				562C36C22811452A004C2E21 /* ApiCallable.swift in Sources */,
				569018962819E7CB00C76956 /* ApiStats.swift in Sources */,
				569018AD281B269400C76956 /* StockNewsView.swift in Sources */,
				560224CB282373BC00C136B3 /* ApiEarnings.swift in Sources */,
				560224C5282358FF00C136B3 /* ApiRecommendations.swift in Sources */,
				56A54369281E57BD006C8D36 /* ScreenConstants.swift in Sources */,
				569018B9281C77A700C76956 /* StockSummaryMainView.swift in Sources */,
				56BC217A282203FF00C98866 /* WatchlistService.swift in Sources */,
				569018942819E67600C76956 /* StockStatsView.swift in Sources */,
				569018B6281C657E00C76956 /* StockNewsLeadingItem.swift in Sources */,
				56F60FF5280F768100D5BDA1 /* ContentView.swift in Sources */,
				560224C92823730F00C136B3 /* StockEpsView.swift in Sources */,
				560224D12823A0CF00C136B3 /* ApiPeers.swift in Sources */,
				56BC21762821FEF600C98866 /* ManagerContainer.swift in Sources */,
				56901899281A074C00C76956 /* DoubleExt.swift in Sources */,
				560224B6282341A800C136B3 /* HighcharsStockView.swift in Sources */,
				569018C2281C823C00C76956 /* PortfolioManager.swift in Sources */,
				56394288280FACCE00FF7BAC /* MainView.swift in Sources */,
				560224C128234B3600C136B3 /* StockInsightsMainView.swift in Sources */,
				569018AB281A683200C76956 /* ApiNews.swift in Sources */,
				5690189D281A0C0800C76956 /* StockAboutView.swift in Sources */,
				56C6F52B281DC06600BB15E5 /* IPortfolioManager.swift in Sources */,
				56A5434A281DCF1B006C8D36 /* CashItem.swift in Sources */,
				56BC21672820D29800C98866 /* MainDateView.swift in Sources */,
				56BC216F2821FAE400C98866 /* FinhubView.swift in Sources */,
				56CDCB6328209188004AF3FF /* IPersistent.swift in Sources */,
				56C6F528281DBFFA00BB15E5 /* PortfolioService.swift in Sources */,
				569018BB281C78F100C76956 /* StockSummaryPriceView.swift in Sources */,
				560224D32823A58400C136B3 /* ApiTrend.swift in Sources */,
				569018B1281B5AE800C76956 /* StockNewsPopupView.swift in Sources */,
				56BC217C2822041800C98866 /* IWatchlistService.swift in Sources */,
				56930CEE2810BB690007FC08 /* PortfolioItem.swift in Sources */,
				56A5437D28207D9E006C8D36 /* StockTradeSuccessView.swift in Sources */,
				56A54366281E18BE006C8D36 /* StockExistingPortfolioView.swift in Sources */,
				56A5434F281DD9D2006C8D36 /* ViewExt.swift in Sources */,
				56BC21622820C53A00C98866 /* LoadingView.swift in Sources */,
				569018A5281A2AFC00C76956 /* ApiSentiments.swift in Sources */,
				560224CF2823909400C136B3 /* ApiChart.swift in Sources */,
				562C36BC28113C15004C2E21 /* StockSummaryView.swift in Sources */,
				56C6F51F281DBDC600BB15E5 /* IPortfolioService.swift in Sources */,
				56F60FF3280F768100D5BDA1 /* slava_stock_watchApp.swift in Sources */,
				56BC216A2821BF6100C98866 /* MainSearchView.swift in Sources */,
				56A5436B281E6768006C8D36 /* StockTradeButton.swift in Sources */,
				569018AF281B43CD00C76956 /* StockNewsItemView.swift in Sources */,
				56BC21812822472200C98866 /* WatchlistView.swift in Sources */,
				56A54372281F651A006C8D36 /* PortfolioDataService.swift in Sources */,
				56BC21722821FDD300C98866 /* IWatchListManager.swift in Sources */,
				56A54360281DFBD7006C8D36 /* StockCommonData.swift in Sources */,
				562C36AC28112E02004C2E21 /* ServiceContainer.swift in Sources */,
				562C36BA28113707004C2E21 /* ApiProfile.swift in Sources */,
				56A5434D281DD284006C8D36 /* StockPortfolioView.swift in Sources */,
				56BC217E2822049300C98866 /* WatchlistItem.swift in Sources */,
				56BC21742821FE5200C98866 /* WatchlistManager.swift in Sources */,
				560224CD28238B7B00C136B3 /* StockGraphView.swift in Sources */,
				562C36B328112F06004C2E21 /* IHttpService.swift in Sources */,
				56BC216C2821D17300C98866 /* MainPortfolioItemView.swift in Sources */,
			);
			runOnlyForDeploymentPostprocessing = 0;
		};
		56F60FFC280F768600D5BDA1 /* Sources */ = {
			isa = PBXSourcesBuildPhase;
			buildActionMask = 2147483647;
			files = (
				56F61005280F768600D5BDA1 /* slava_stock_watchTests.swift in Sources */,
			);
			runOnlyForDeploymentPostprocessing = 0;
		};
		56F61007280F768600D5BDA1 /* Sources */ = {
			isa = PBXSourcesBuildPhase;
			buildActionMask = 2147483647;
			files = (
				56F61010280F768600D5BDA1 /* slava_stock_watchUITests.swift in Sources */,
			);
			runOnlyForDeploymentPostprocessing = 0;
		};
/* End PBXSourcesBuildPhase section */

/* Begin PBXTargetDependency section */
		56F61002280F768600D5BDA1 /* PBXTargetDependency */ = {
			isa = PBXTargetDependency;
			target = 56F60FEE280F768100D5BDA1 /* slava-stock-watch */;
			targetProxy = 56F61001280F768600D5BDA1 /* PBXContainerItemProxy */;
		};
		56F6100D280F768600D5BDA1 /* PBXTargetDependency */ = {
			isa = PBXTargetDependency;
			target = 56F60FEE280F768100D5BDA1 /* slava-stock-watch */;
			targetProxy = 56F6100C280F768600D5BDA1 /* PBXContainerItemProxy */;
		};
/* End PBXTargetDependency section */

/* Begin XCBuildConfiguration section */
		56F61012280F768600D5BDA1 /* Debug */ = {
			isa = XCBuildConfiguration;
			buildSettings = {
				ALWAYS_SEARCH_USER_PATHS = NO;
				CLANG_ANALYZER_NONNULL = YES;
				CLANG_ANALYZER_NUMBER_OBJECT_CONVERSION = YES_AGGRESSIVE;
				CLANG_CXX_LANGUAGE_STANDARD = "gnu++14";
				CLANG_CXX_LIBRARY = "libc++";
				CLANG_ENABLE_MODULES = YES;
				CLANG_ENABLE_OBJC_ARC = YES;
				CLANG_ENABLE_OBJC_WEAK = YES;
				CLANG_WARN_BLOCK_CAPTURE_AUTORELEASING = YES;
				CLANG_WARN_BOOL_CONVERSION = YES;
				CLANG_WARN_COMMA = YES;
				CLANG_WARN_CONSTANT_CONVERSION = YES;
				CLANG_WARN_DEPRECATED_OBJC_IMPLEMENTATIONS = YES;
				CLANG_WARN_DIRECT_OBJC_ISA_USAGE = YES_ERROR;
				CLANG_WARN_DOCUMENTATION_COMMENTS = YES;
				CLANG_WARN_EMPTY_BODY = YES;
				CLANG_WARN_ENUM_CONVERSION = YES;
				CLANG_WARN_INFINITE_RECURSION = YES;
				CLANG_WARN_INT_CONVERSION = YES;
				CLANG_WARN_NON_LITERAL_NULL_CONVERSION = YES;
				CLANG_WARN_OBJC_IMPLICIT_RETAIN_SELF = YES;
				CLANG_WARN_OBJC_LITERAL_CONVERSION = YES;
				CLANG_WARN_OBJC_ROOT_CLASS = YES_ERROR;
				CLANG_WARN_QUOTED_INCLUDE_IN_FRAMEWORK_HEADER = YES;
				CLANG_WARN_RANGE_LOOP_ANALYSIS = YES;
				CLANG_WARN_STRICT_PROTOTYPES = YES;
				CLANG_WARN_SUSPICIOUS_MOVE = YES;
				CLANG_WARN_UNGUARDED_AVAILABILITY = YES_AGGRESSIVE;
				CLANG_WARN_UNREACHABLE_CODE = YES;
				CLANG_WARN__DUPLICATE_METHOD_MATCH = YES;
				COPY_PHASE_STRIP = NO;
				DEBUG_INFORMATION_FORMAT = dwarf;
				ENABLE_STRICT_OBJC_MSGSEND = YES;
				ENABLE_TESTABILITY = YES;
				GCC_C_LANGUAGE_STANDARD = gnu11;
				GCC_DYNAMIC_NO_PIC = NO;
				GCC_NO_COMMON_BLOCKS = YES;
				GCC_OPTIMIZATION_LEVEL = 0;
				GCC_PREPROCESSOR_DEFINITIONS = (
					"DEBUG=1",
					"$(inherited)",
				);
				GCC_WARN_64_TO_32_BIT_CONVERSION = YES;
				GCC_WARN_ABOUT_RETURN_TYPE = YES_ERROR;
				GCC_WARN_UNDECLARED_SELECTOR = YES;
				GCC_WARN_UNINITIALIZED_AUTOS = YES_AGGRESSIVE;
				GCC_WARN_UNUSED_FUNCTION = YES;
				GCC_WARN_UNUSED_VARIABLE = YES;
				IPHONEOS_DEPLOYMENT_TARGET = 14.5;
				MTL_ENABLE_DEBUG_INFO = INCLUDE_SOURCE;
				MTL_FAST_MATH = YES;
				ONLY_ACTIVE_ARCH = YES;
				SDKROOT = iphoneos;
				SWIFT_ACTIVE_COMPILATION_CONDITIONS = DEBUG;
				SWIFT_OPTIMIZATION_LEVEL = "-Onone";
			};
			name = Debug;
		};
		56F61013280F768600D5BDA1 /* Release */ = {
			isa = XCBuildConfiguration;
			buildSettings = {
				ALWAYS_SEARCH_USER_PATHS = NO;
				CLANG_ANALYZER_NONNULL = YES;
				CLANG_ANALYZER_NUMBER_OBJECT_CONVERSION = YES_AGGRESSIVE;
				CLANG_CXX_LANGUAGE_STANDARD = "gnu++14";
				CLANG_CXX_LIBRARY = "libc++";
				CLANG_ENABLE_MODULES = YES;
				CLANG_ENABLE_OBJC_ARC = YES;
				CLANG_ENABLE_OBJC_WEAK = YES;
				CLANG_WARN_BLOCK_CAPTURE_AUTORELEASING = YES;
				CLANG_WARN_BOOL_CONVERSION = YES;
				CLANG_WARN_COMMA = YES;
				CLANG_WARN_CONSTANT_CONVERSION = YES;
				CLANG_WARN_DEPRECATED_OBJC_IMPLEMENTATIONS = YES;
				CLANG_WARN_DIRECT_OBJC_ISA_USAGE = YES_ERROR;
				CLANG_WARN_DOCUMENTATION_COMMENTS = YES;
				CLANG_WARN_EMPTY_BODY = YES;
				CLANG_WARN_ENUM_CONVERSION = YES;
				CLANG_WARN_INFINITE_RECURSION = YES;
				CLANG_WARN_INT_CONVERSION = YES;
				CLANG_WARN_NON_LITERAL_NULL_CONVERSION = YES;
				CLANG_WARN_OBJC_IMPLICIT_RETAIN_SELF = YES;
				CLANG_WARN_OBJC_LITERAL_CONVERSION = YES;
				CLANG_WARN_OBJC_ROOT_CLASS = YES_ERROR;
				CLANG_WARN_QUOTED_INCLUDE_IN_FRAMEWORK_HEADER = YES;
				CLANG_WARN_RANGE_LOOP_ANALYSIS = YES;
				CLANG_WARN_STRICT_PROTOTYPES = YES;
				CLANG_WARN_SUSPICIOUS_MOVE = YES;
				CLANG_WARN_UNGUARDED_AVAILABILITY = YES_AGGRESSIVE;
				CLANG_WARN_UNREACHABLE_CODE = YES;
				CLANG_WARN__DUPLICATE_METHOD_MATCH = YES;
				COPY_PHASE_STRIP = NO;
				DEBUG_INFORMATION_FORMAT = "dwarf-with-dsym";
				ENABLE_NS_ASSERTIONS = NO;
				ENABLE_STRICT_OBJC_MSGSEND = YES;
				GCC_C_LANGUAGE_STANDARD = gnu11;
				GCC_NO_COMMON_BLOCKS = YES;
				GCC_WARN_64_TO_32_BIT_CONVERSION = YES;
				GCC_WARN_ABOUT_RETURN_TYPE = YES_ERROR;
				GCC_WARN_UNDECLARED_SELECTOR = YES;
				GCC_WARN_UNINITIALIZED_AUTOS = YES_AGGRESSIVE;
				GCC_WARN_UNUSED_FUNCTION = YES;
				GCC_WARN_UNUSED_VARIABLE = YES;
				IPHONEOS_DEPLOYMENT_TARGET = 14.5;
				MTL_ENABLE_DEBUG_INFO = NO;
				MTL_FAST_MATH = YES;
				SDKROOT = iphoneos;
				SWIFT_COMPILATION_MODE = wholemodule;
				SWIFT_OPTIMIZATION_LEVEL = "-O";
				VALIDATE_PRODUCT = YES;
			};
			name = Release;
		};
		56F61015280F768600D5BDA1 /* Debug */ = {
			isa = XCBuildConfiguration;
			buildSettings = {
				ASSETCATALOG_COMPILER_APPICON_NAME = AppIcon;
				ASSETCATALOG_COMPILER_GLOBAL_ACCENT_COLOR_NAME = AccentColor;
				CODE_SIGN_STYLE = Automatic;
				DEVELOPMENT_ASSET_PATHS = "\"slava-stock-watch/Preview Content\"";
				ENABLE_PREVIEWS = YES;
				INFOPLIST_FILE = "slava-stock-watch/Info.plist";
				IPHONEOS_DEPLOYMENT_TARGET = 15.4;
				LD_RUNPATH_SEARCH_PATHS = (
					"$(inherited)",
					"@executable_path/Frameworks",
				);
				PRODUCT_BUNDLE_IDENTIFIER = "Big-Donut.slava-stock-watch";
				PRODUCT_NAME = "$(TARGET_NAME)";
				SWIFT_VERSION = 5.0;
				TARGETED_DEVICE_FAMILY = "1,2";
			};
			name = Debug;
		};
		56F61016280F768600D5BDA1 /* Release */ = {
			isa = XCBuildConfiguration;
			buildSettings = {
				ASSETCATALOG_COMPILER_APPICON_NAME = AppIcon;
				ASSETCATALOG_COMPILER_GLOBAL_ACCENT_COLOR_NAME = AccentColor;
				CODE_SIGN_STYLE = Automatic;
				DEVELOPMENT_ASSET_PATHS = "\"slava-stock-watch/Preview Content\"";
				ENABLE_PREVIEWS = YES;
				INFOPLIST_FILE = "slava-stock-watch/Info.plist";
				IPHONEOS_DEPLOYMENT_TARGET = 15.4;
				LD_RUNPATH_SEARCH_PATHS = (
					"$(inherited)",
					"@executable_path/Frameworks",
				);
				PRODUCT_BUNDLE_IDENTIFIER = "Big-Donut.slava-stock-watch";
				PRODUCT_NAME = "$(TARGET_NAME)";
				SWIFT_VERSION = 5.0;
				TARGETED_DEVICE_FAMILY = "1,2";
			};
			name = Release;
		};
		56F61018280F768600D5BDA1 /* Debug */ = {
			isa = XCBuildConfiguration;
			buildSettings = {
				ALWAYS_EMBED_SWIFT_STANDARD_LIBRARIES = YES;
				BUNDLE_LOADER = "$(TEST_HOST)";
				CODE_SIGN_STYLE = Automatic;
				INFOPLIST_FILE = "slava-stock-watchTests/Info.plist";
				IPHONEOS_DEPLOYMENT_TARGET = 14.0;
				LD_RUNPATH_SEARCH_PATHS = (
					"$(inherited)",
					"@executable_path/Frameworks",
					"@loader_path/Frameworks",
				);
				PRODUCT_BUNDLE_IDENTIFIER = "Big-Donut.slava-stock-watchTests";
				PRODUCT_NAME = "$(TARGET_NAME)";
				SWIFT_VERSION = 5.0;
				TARGETED_DEVICE_FAMILY = "1,2";
				TEST_HOST = "$(BUILT_PRODUCTS_DIR)/slava-stock-watch.app/slava-stock-watch";
			};
			name = Debug;
		};
		56F61019280F768600D5BDA1 /* Release */ = {
			isa = XCBuildConfiguration;
			buildSettings = {
				ALWAYS_EMBED_SWIFT_STANDARD_LIBRARIES = YES;
				BUNDLE_LOADER = "$(TEST_HOST)";
				CODE_SIGN_STYLE = Automatic;
				INFOPLIST_FILE = "slava-stock-watchTests/Info.plist";
				IPHONEOS_DEPLOYMENT_TARGET = 14.0;
				LD_RUNPATH_SEARCH_PATHS = (
					"$(inherited)",
					"@executable_path/Frameworks",
					"@loader_path/Frameworks",
				);
				PRODUCT_BUNDLE_IDENTIFIER = "Big-Donut.slava-stock-watchTests";
				PRODUCT_NAME = "$(TARGET_NAME)";
				SWIFT_VERSION = 5.0;
				TARGETED_DEVICE_FAMILY = "1,2";
				TEST_HOST = "$(BUILT_PRODUCTS_DIR)/slava-stock-watch.app/slava-stock-watch";
			};
			name = Release;
		};
		56F6101B280F768600D5BDA1 /* Debug */ = {
			isa = XCBuildConfiguration;
			buildSettings = {
				ALWAYS_EMBED_SWIFT_STANDARD_LIBRARIES = YES;
				CODE_SIGN_STYLE = Automatic;
				INFOPLIST_FILE = "slava-stock-watchUITests/Info.plist";
				LD_RUNPATH_SEARCH_PATHS = (
					"$(inherited)",
					"@executable_path/Frameworks",
					"@loader_path/Frameworks",
				);
				PRODUCT_BUNDLE_IDENTIFIER = "Big-Donut.slava-stock-watchUITests";
				PRODUCT_NAME = "$(TARGET_NAME)";
				SWIFT_VERSION = 5.0;
				TARGETED_DEVICE_FAMILY = "1,2";
				TEST_TARGET_NAME = "slava-stock-watch";
			};
			name = Debug;
		};
		56F6101C280F768600D5BDA1 /* Release */ = {
			isa = XCBuildConfiguration;
			buildSettings = {
				ALWAYS_EMBED_SWIFT_STANDARD_LIBRARIES = YES;
				CODE_SIGN_STYLE = Automatic;
				INFOPLIST_FILE = "slava-stock-watchUITests/Info.plist";
				LD_RUNPATH_SEARCH_PATHS = (
					"$(inherited)",
					"@executable_path/Frameworks",
					"@loader_path/Frameworks",
				);
				PRODUCT_BUNDLE_IDENTIFIER = "Big-Donut.slava-stock-watchUITests";
				PRODUCT_NAME = "$(TARGET_NAME)";
				SWIFT_VERSION = 5.0;
				TARGETED_DEVICE_FAMILY = "1,2";
				TEST_TARGET_NAME = "slava-stock-watch";
			};
			name = Release;
		};
/* End XCBuildConfiguration section */

/* Begin XCConfigurationList section */
		56F60FEA280F768100D5BDA1 /* Build configuration list for PBXProject "slava-stock-watch" */ = {
			isa = XCConfigurationList;
			buildConfigurations = (
				56F61012280F768600D5BDA1 /* Debug */,
				56F61013280F768600D5BDA1 /* Release */,
			);
			defaultConfigurationIsVisible = 0;
			defaultConfigurationName = Release;
		};
		56F61014280F768600D5BDA1 /* Build configuration list for PBXNativeTarget "slava-stock-watch" */ = {
			isa = XCConfigurationList;
			buildConfigurations = (
				56F61015280F768600D5BDA1 /* Debug */,
				56F61016280F768600D5BDA1 /* Release */,
			);
			defaultConfigurationIsVisible = 0;
			defaultConfigurationName = Release;
		};
		56F61017280F768600D5BDA1 /* Build configuration list for PBXNativeTarget "slava-stock-watchTests" */ = {
			isa = XCConfigurationList;
			buildConfigurations = (
				56F61018280F768600D5BDA1 /* Debug */,
				56F61019280F768600D5BDA1 /* Release */,
			);
			defaultConfigurationIsVisible = 0;
			defaultConfigurationName = Release;
		};
		56F6101A280F768600D5BDA1 /* Build configuration list for PBXNativeTarget "slava-stock-watchUITests" */ = {
			isa = XCConfigurationList;
			buildConfigurations = (
				56F6101B280F768600D5BDA1 /* Debug */,
				56F6101C280F768600D5BDA1 /* Release */,
			);
			defaultConfigurationIsVisible = 0;
			defaultConfigurationName = Release;
		};
/* End XCConfigurationList section */

/* Begin XCRemoteSwiftPackageReference section */
		562C36B428113554004C2E21 /* XCRemoteSwiftPackageReference "Alamofire" */ = {
			isa = XCRemoteSwiftPackageReference;
			repositoryURL = "https://github.com/Alamofire/Alamofire";
			requirement = {
				kind = upToNextMajorVersion;
				minimumVersion = 5.0.0;
			};
		};
		56A5437728207131006C8D36 /* XCRemoteSwiftPackageReference "AlertToast" */ = {
			isa = XCRemoteSwiftPackageReference;
			repositoryURL = "https://github.com/elai950/AlertToast";
			requirement = {
				kind = upToNextMajorVersion;
				minimumVersion = 1.0.0;
			};
		};
		56CD78D42812269800DC050E /* XCRemoteSwiftPackageReference "RxSwift" */ = {
			isa = XCRemoteSwiftPackageReference;
			repositoryURL = "https://github.com/ReactiveX/RxSwift";
			requirement = {
				kind = upToNextMajorVersion;
				minimumVersion = 6.0.0;
			};
		};
/* End XCRemoteSwiftPackageReference section */

/* Begin XCSwiftPackageProductDependency section */
		562C36B528113554004C2E21 /* Alamofire */ = {
			isa = XCSwiftPackageProductDependency;
			package = 562C36B428113554004C2E21 /* XCRemoteSwiftPackageReference "Alamofire" */;
			productName = Alamofire;
		};
		56A5437828207131006C8D36 /* AlertToast */ = {
			isa = XCSwiftPackageProductDependency;
			package = 56A5437728207131006C8D36 /* XCRemoteSwiftPackageReference "AlertToast" */;
			productName = AlertToast;
		};
		56CD78D52812269800DC050E /* RxSwift */ = {
			isa = XCSwiftPackageProductDependency;
			package = 56CD78D42812269800DC050E /* XCRemoteSwiftPackageReference "RxSwift" */;
			productName = RxSwift;
		};
/* End XCSwiftPackageProductDependency section */

/* Begin XCVersionGroup section */
		569018BC281C80EF00C76956 /* DataModel.xcdatamodeld */ = {
			isa = XCVersionGroup;
			children = (
				569018BD281C80EF00C76956 /* DataModel.xcdatamodel */,
			);
			currentVersion = 569018BD281C80EF00C76956 /* DataModel.xcdatamodel */;
			path = DataModel.xcdatamodeld;
			sourceTree = "<group>";
			versionGroupType = wrapper.xcdatamodel;
		};
/* End XCVersionGroup section */
	};
	rootObject = 56F60FE7280F768100D5BDA1 /* Project object */;
}
